
Microsoft Visual Studio Solution File, Format Version 12.00
# Visual Studio Version 17
VisualStudioVersion = 17.9.34616.47
MinimumVisualStudioVersion = 10.0.40219.1
Project("{8BC9CEB8-8B4A-11D0-8D11-00A0C91BC942}") = "Search01", "Search01\Search01.vcxproj", "{91A54373-3DE3-458C-85A3-C3FFD328981F}"
EndProject
Project("{8BC9CEB8-8B4A-11D0-8D11-00A0C91BC942}") = "Search02", "Search02\Search02.vcxproj", "{B2D676BE-28A4-486E-BFA0-7DE1AB473AB1}"
EndProject
Project("{8BC9CEB8-8B4A-11D0-8D11-00A0C91BC942}") = "Search03", "Search03\Search03.vcxproj", "{38C46225-107B-4923-9017-5879725170E1}"
EndProject
Project("{8BC9CEB8-8B4A-11D0-8D11-00A0C91BC942}") = "Search04", "Search04\Search04.vcxproj", "{33BDFF05-293A-47F5-ABB9-12F4CF56C1D0}"
EndProject
Project("{8BC9CEB8-8B4A-11D0-8D11-00A0C91BC942}") = "Search05", "Search05\Search05.vcxproj", "{11134F94-D899-4263-97B4-0A4750AE5D57}"
EndProject
Project("{8BC9CEB8-8B4A-11D0-8D11-00A0C91BC942}") = "Search06", "Searcch06\Searcch06.vcxproj", "{563F6BD9-771C-4363-892E-1C5712D1B1A3}"
EndProject
Project("{8BC9CEB8-8B4A-11D0-8D11-00A0C91BC942}") = "Search07", "Search07\Search07.vcxproj", "{AA34FBC1-B6FC-464A-8117-26A6E65708A8}"
EndProject
Project("{8BC9CEB8-8B4A-11D0-8D11-00A0C91BC942}") = "Search10", "Search10\Search10.vcxproj", "{F1CDFBE8-5CA7-4D47-828E-B73CE3808A9A}"
EndProject
Project("{8BC9CEB8-8B4A-11D0-8D11-00A0C91BC942}") = "Search08", "Search08\Search08.vcxproj", "{1EB53503-E86F-4BD9-9DF5-D58BF94F71F4}"
EndProject
Project("{8BC9CEB8-8B4A-11D0-8D11-00A0C91BC942}") = "Search09", "Search09\Search09.vcxproj", "{19DAC71A-A716-4233-88DA-EF554DFF8FA1}"
EndProject
Project("{8BC9CEB8-8B4A-11D0-8D11-00A0C91BC942}") = "TSearch01", "TSearch01\TSearch01.vcxproj", "{B4E6FDE8-E848-46D3-8C30-3FC3D1D2DC84}"
EndProject
Project("{8BC9CEB8-8B4A-11D0-8D11-00A0C91BC942}") = "TSearch03", "TSearch03\TSearch03.vcxproj", "{6531D8A3-FC94-42AB-96B5-FB0E8D3FA859}"
EndProject
Project("{8BC9CEB8-8B4A-11D0-8D11-00A0C91BC942}") = "TSearch05", "TSearch05\TSearch05.vcxproj", "{53E4E9C2-E84D-4218-870F-4E526087289E}"
EndProject
Project("{8BC9CEB8-8B4A-11D0-8D11-00A0C91BC942}") = "TSearch07", "TSearch07\TSearch07.vcxproj", "{D5AE69CD-21D3-4485-9BBF-924FE7974B2F}"
EndProject
Project("{8BC9CEB8-8B4A-11D0-8D11-00A0C91BC942}") = "TSearch02", "TSearch02\TSearch02.vcxproj", "{EFB57C80-911D-47C1-8B88-3A147B7C13A8}"
EndProject
Global
	GlobalSection(SolutionConfigurationPlatforms) = preSolution
		Debug|x64 = Debug|x64
		Debug|x86 = Debug|x86
		Release|x64 = Release|x64
		Release|x86 = Release|x86
	EndGlobalSection
	GlobalSection(ProjectConfigurationPlatforms) = postSolution
		{91A54373-3DE3-458C-85A3-C3FFD328981F}.Debug|x64.ActiveCfg = Debug|x64
		{91A54373-3DE3-458C-85A3-C3FFD328981F}.Debug|x64.Build.0 = Debug|x64
		{91A54373-3DE3-458C-85A3-C3FFD328981F}.Debug|x86.ActiveCfg = Debug|Win32
		{91A54373-3DE3-458C-85A3-C3FFD328981F}.Debug|x86.Build.0 = Debug|Win32
		{91A54373-3DE3-458C-85A3-C3FFD328981F}.Release|x64.ActiveCfg = Release|x64
		{91A54373-3DE3-458C-85A3-C3FFD328981F}.Release|x64.Build.0 = Release|x64
		{91A54373-3DE3-458C-85A3-C3FFD328981F}.Release|x86.ActiveCfg = Release|Win32
		{91A54373-3DE3-458C-85A3-C3FFD328981F}.Release|x86.Build.0 = Release|Win32
		{B2D676BE-28A4-486E-BFA0-7DE1AB473AB1}.Debug|x64.ActiveCfg = Debug|x64
		{B2D676BE-28A4-486E-BFA0-7DE1AB473AB1}.Debug|x64.Build.0 = Debug|x64
		{B2D676BE-28A4-486E-BFA0-7DE1AB473AB1}.Debug|x86.ActiveCfg = Debug|Win32
		{B2D676BE-28A4-486E-BFA0-7DE1AB473AB1}.Debug|x86.Build.0 = Debug|Win32
		{B2D676BE-28A4-486E-BFA0-7DE1AB473AB1}.Release|x64.ActiveCfg = Release|x64
		{B2D676BE-28A4-486E-BFA0-7DE1AB473AB1}.Release|x64.Build.0 = Release|x64
		{B2D676BE-28A4-486E-BFA0-7DE1AB473AB1}.Release|x86.ActiveCfg = Release|Win32
		{B2D676BE-28A4-486E-BFA0-7DE1AB473AB1}.Release|x86.Build.0 = Release|Win32
		{38C46225-107B-4923-9017-5879725170E1}.Debug|x64.ActiveCfg = Debug|x64
		{38C46225-107B-4923-9017-5879725170E1}.Debug|x64.Build.0 = Debug|x64
		{38C46225-107B-4923-9017-5879725170E1}.Debug|x86.ActiveCfg = Debug|Win32
		{38C46225-107B-4923-9017-5879725170E1}.Debug|x86.Build.0 = Debug|Win32
		{38C46225-107B-4923-9017-5879725170E1}.Release|x64.ActiveCfg = Release|x64
		{38C46225-107B-4923-9017-5879725170E1}.Release|x64.Build.0 = Release|x64
		{38C46225-107B-4923-9017-5879725170E1}.Release|x86.ActiveCfg = Release|Win32
		{38C46225-107B-4923-9017-5879725170E1}.Release|x86.Build.0 = Release|Win32
		{33BDFF05-293A-47F5-ABB9-12F4CF56C1D0}.Debug|x64.ActiveCfg = Debug|x64
		{33BDFF05-293A-47F5-ABB9-12F4CF56C1D0}.Debug|x64.Build.0 = Debug|x64
		{33BDFF05-293A-47F5-ABB9-12F4CF56C1D0}.Debug|x86.ActiveCfg = Debug|Win32
		{33BDFF05-293A-47F5-ABB9-12F4CF56C1D0}.Debug|x86.Build.0 = Debug|Win32
		{33BDFF05-293A-47F5-ABB9-12F4CF56C1D0}.Release|x64.ActiveCfg = Release|x64
		{33BDFF05-293A-47F5-ABB9-12F4CF56C1D0}.Release|x64.Build.0 = Release|x64
		{33BDFF05-293A-47F5-ABB9-12F4CF56C1D0}.Release|x86.ActiveCfg = Release|Win32
		{33BDFF05-293A-47F5-ABB9-12F4CF56C1D0}.Release|x86.Build.0 = Release|Win32
		{11134F94-D899-4263-97B4-0A4750AE5D57}.Debug|x64.ActiveCfg = Debug|x64
		{11134F94-D899-4263-97B4-0A4750AE5D57}.Debug|x64.Build.0 = Debug|x64
		{11134F94-D899-4263-97B4-0A4750AE5D57}.Debug|x86.ActiveCfg = Debug|Win32
		{11134F94-D899-4263-97B4-0A4750AE5D57}.Debug|x86.Build.0 = Debug|Win32
		{11134F94-D899-4263-97B4-0A4750AE5D57}.Release|x64.ActiveCfg = Release|x64
		{11134F94-D899-4263-97B4-0A4750AE5D57}.Release|x64.Build.0 = Release|x64
		{11134F94-D899-4263-97B4-0A4750AE5D57}.Release|x86.ActiveCfg = Release|Win32
		{11134F94-D899-4263-97B4-0A4750AE5D57}.Release|x86.Build.0 = Release|Win32
		{563F6BD9-771C-4363-892E-1C5712D1B1A3}.Debug|x64.ActiveCfg = Debug|x64
		{563F6BD9-771C-4363-892E-1C5712D1B1A3}.Debug|x64.Build.0 = Debug|x64
		{563F6BD9-771C-4363-892E-1C5712D1B1A3}.Debug|x86.ActiveCfg = Debug|Win32
		{563F6BD9-771C-4363-892E-1C5712D1B1A3}.Debug|x86.Build.0 = Debug|Win32
		{563F6BD9-771C-4363-892E-1C5712D1B1A3}.Release|x64.ActiveCfg = Release|x64
		{563F6BD9-771C-4363-892E-1C5712D1B1A3}.Release|x64.Build.0 = Release|x64
		{563F6BD9-771C-4363-892E-1C5712D1B1A3}.Release|x86.ActiveCfg = Release|Win32
		{563F6BD9-771C-4363-892E-1C5712D1B1A3}.Release|x86.Build.0 = Release|Win32
		{AA34FBC1-B6FC-464A-8117-26A6E65708A8}.Debug|x64.ActiveCfg = Debug|x64
		{AA34FBC1-B6FC-464A-8117-26A6E65708A8}.Debug|x64.Build.0 = Debug|x64
		{AA34FBC1-B6FC-464A-8117-26A6E65708A8}.Debug|x86.ActiveCfg = Debug|Win32
		{AA34FBC1-B6FC-464A-8117-26A6E65708A8}.Debug|x86.Build.0 = Debug|Win32
		{AA34FBC1-B6FC-464A-8117-26A6E65708A8}.Release|x64.ActiveCfg = Release|x64
		{AA34FBC1-B6FC-464A-8117-26A6E65708A8}.Release|x64.Build.0 = Release|x64
		{AA34FBC1-B6FC-464A-8117-26A6E65708A8}.Release|x86.ActiveCfg = Release|Win32
		{AA34FBC1-B6FC-464A-8117-26A6E65708A8}.Release|x86.Build.0 = Release|Win32
		{F1CDFBE8-5CA7-4D47-828E-B73CE3808A9A}.Debug|x64.ActiveCfg = Debug|x64
		{F1CDFBE8-5CA7-4D47-828E-B73CE3808A9A}.Debug|x64.Build.0 = Debug|x64
		{F1CDFBE8-5CA7-4D47-828E-B73CE3808A9A}.Debug|x86.ActiveCfg = Debug|Win32
		{F1CDFBE8-5CA7-4D47-828E-B73CE3808A9A}.Debug|x86.Build.0 = Debug|Win32
		{F1CDFBE8-5CA7-4D47-828E-B73CE3808A9A}.Release|x64.ActiveCfg = Release|x64
		{F1CDFBE8-5CA7-4D47-828E-B73CE3808A9A}.Release|x64.Build.0 = Release|x64
		{F1CDFBE8-5CA7-4D47-828E-B73CE3808A9A}.Release|x86.ActiveCfg = Release|Win32
		{F1CDFBE8-5CA7-4D47-828E-B73CE3808A9A}.Release|x86.Build.0 = Release|Win32
		{1EB53503-E86F-4BD9-9DF5-D58BF94F71F4}.Debug|x64.ActiveCfg = Debug|x64
		{1EB53503-E86F-4BD9-9DF5-D58BF94F71F4}.Debug|x64.Build.0 = Debug|x64
		{1EB53503-E86F-4BD9-9DF5-D58BF94F71F4}.Debug|x86.ActiveCfg = Debug|Win32
		{1EB53503-E86F-4BD9-9DF5-D58BF94F71F4}.Debug|x86.Build.0 = Debug|Win32
		{1EB53503-E86F-4BD9-9DF5-D58BF94F71F4}.Release|x64.ActiveCfg = Release|x64
		{1EB53503-E86F-4BD9-9DF5-D58BF94F71F4}.Release|x64.Build.0 = Release|x64
		{1EB53503-E86F-4BD9-9DF5-D58BF94F71F4}.Release|x86.ActiveCfg = Release|Win32
		{1EB53503-E86F-4BD9-9DF5-D58BF94F71F4}.Release|x86.Build.0 = Release|Win32
		{19DAC71A-A716-4233-88DA-EF554DFF8FA1}.Debug|x64.ActiveCfg = Debug|x64
		{19DAC71A-A716-4233-88DA-EF554DFF8FA1}.Debug|x64.Build.0 = Debug|x64
		{19DAC71A-A716-4233-88DA-EF554DFF8FA1}.Debug|x86.ActiveCfg = Debug|Win32
		{19DAC71A-A716-4233-88DA-EF554DFF8FA1}.Debug|x86.Build.0 = Debug|Win32
		{19DAC71A-A716-4233-88DA-EF554DFF8FA1}.Release|x64.ActiveCfg = Release|x64
		{19DAC71A-A716-4233-88DA-EF554DFF8FA1}.Release|x64.Build.0 = Release|x64
		{19DAC71A-A716-4233-88DA-EF554DFF8FA1}.Release|x86.ActiveCfg = Release|Win32
		{19DAC71A-A716-4233-88DA-EF554DFF8FA1}.Release|x86.Build.0 = Release|Win32
		{B4E6FDE8-E848-46D3-8C30-3FC3D1D2DC84}.Debug|x64.ActiveCfg = Debug|x64
		{B4E6FDE8-E848-46D3-8C30-3FC3D1D2DC84}.Debug|x64.Build.0 = Debug|x64
		{B4E6FDE8-E848-46D3-8C30-3FC3D1D2DC84}.Debug|x86.ActiveCfg = Debug|Win32
		{B4E6FDE8-E848-46D3-8C30-3FC3D1D2DC84}.Debug|x86.Build.0 = Debug|Win32
		{B4E6FDE8-E848-46D3-8C30-3FC3D1D2DC84}.Release|x64.ActiveCfg = Release|x64
		{B4E6FDE8-E848-46D3-8C30-3FC3D1D2DC84}.Release|x64.Build.0 = Release|x64
		{B4E6FDE8-E848-46D3-8C30-3FC3D1D2DC84}.Release|x86.ActiveCfg = Release|Win32
		{B4E6FDE8-E848-46D3-8C30-3FC3D1D2DC84}.Release|x86.Build.0 = Release|Win32
		{6531D8A3-FC94-42AB-96B5-FB0E8D3FA859}.Debug|x64.ActiveCfg = Debug|x64
		{6531D8A3-FC94-42AB-96B5-FB0E8D3FA859}.Debug|x64.Build.0 = Debug|x64
		{6531D8A3-FC94-42AB-96B5-FB0E8D3FA859}.Debug|x86.ActiveCfg = Debug|Win32
		{6531D8A3-FC94-42AB-96B5-FB0E8D3FA859}.Debug|x86.Build.0 = Debug|Win32
		{6531D8A3-FC94-42AB-96B5-FB0E8D3FA859}.Release|x64.ActiveCfg = Release|x64
		{6531D8A3-FC94-42AB-96B5-FB0E8D3FA859}.Release|x64.Build.0 = Release|x64
		{6531D8A3-FC94-42AB-96B5-FB0E8D3FA859}.Release|x86.ActiveCfg = Release|Win32
		{6531D8A3-FC94-42AB-96B5-FB0E8D3FA859}.Release|x86.Build.0 = Release|Win32
		{53E4E9C2-E84D-4218-870F-4E526087289E}.Debug|x64.ActiveCfg = Debug|x64
		{53E4E9C2-E84D-4218-870F-4E526087289E}.Debug|x64.Build.0 = Debug|x64
		{53E4E9C2-E84D-4218-870F-4E526087289E}.Debug|x86.ActiveCfg = Debug|Win32
		{53E4E9C2-E84D-4218-870F-4E526087289E}.Debug|x86.Build.0 = Debug|Win32
		{53E4E9C2-E84D-4218-870F-4E526087289E}.Release|x64.ActiveCfg = Release|x64
		{53E4E9C2-E84D-4218-870F-4E526087289E}.Release|x64.Build.0 = Release|x64
		{53E4E9C2-E84D-4218-870F-4E526087289E}.Release|x86.ActiveCfg = Release|Win32
		{53E4E9C2-E84D-4218-870F-4E526087289E}.Release|x86.Build.0 = Release|Win32
		{D5AE69CD-21D3-4485-9BBF-924FE7974B2F}.Debug|x64.ActiveCfg = Debug|x64
		{D5AE69CD-21D3-4485-9BBF-924FE7974B2F}.Debug|x64.Build.0 = Debug|x64
		{D5AE69CD-21D3-4485-9BBF-924FE7974B2F}.Debug|x86.ActiveCfg = Debug|Win32
		{D5AE69CD-21D3-4485-9BBF-924FE7974B2F}.Debug|x86.Build.0 = Debug|Win32
		{D5AE69CD-21D3-4485-9BBF-924FE7974B2F}.Release|x64.ActiveCfg = Release|x64
		{D5AE69CD-21D3-4485-9BBF-924FE7974B2F}.Release|x64.Build.0 = Release|x64
		{D5AE69CD-21D3-4485-9BBF-924FE7974B2F}.Release|x86.ActiveCfg = Release|Win32
		{D5AE69CD-21D3-4485-9BBF-924FE7974B2F}.Release|x86.Build.0 = Release|Win32
		{EFB57C80-911D-47C1-8B88-3A147B7C13A8}.Debug|x64.ActiveCfg = Debug|x64
		{EFB57C80-911D-47C1-8B88-3A147B7C13A8}.Debug|x64.Build.0 = Debug|x64
		{EFB57C80-911D-47C1-8B88-3A147B7C13A8}.Debug|x86.ActiveCfg = Debug|Win32
		{EFB57C80-911D-47C1-8B88-3A147B7C13A8}.Debug|x86.Build.0 = Debug|Win32
		{EFB57C80-911D-47C1-8B88-3A147B7C13A8}.Release|x64.ActiveCfg = Release|x64
		{EFB57C80-911D-47C1-8B88-3A147B7C13A8}.Release|x64.Build.0 = Release|x64
		{EFB57C80-911D-47C1-8B88-3A147B7C13A8}.Release|x86.ActiveCfg = Release|Win32
		{EFB57C80-911D-47C1-8B88-3A147B7C13A8}.Release|x86.Build.0 = Release|Win32
	EndGlobalSection
	GlobalSection(SolutionProperties) = preSolution
		HideSolutionNode = FALSE
	EndGlobalSection
	GlobalSection(ExtensibilityGlobals) = postSolution
		SolutionGuid = {02DF84C1-3822-4BBA-8109-852B955A359A}
	EndGlobalSection
EndGlobal
