
Microsoft Visual Studio Solution File, Format Version 12.00
# Visual Studio Version 17
VisualStudioVersion = 17.9.34616.47
MinimumVisualStudioVersion = 10.0.40219.1
Project("{8BC9CEB8-8B4A-11D0-8D11-00A0C91BC942}") = "Bai2", "StackAndQueue\StackAndQueue.vcxproj", "{BB9D01AC-883F-44E7-B942-5AF0880D6F6E}"
EndProject
Project("{8BC9CEB8-8B4A-11D0-8D11-00A0C91BC942}") = "Bai1", "bai1\bai1.vcxproj", "{4A6C6934-58EB-4238-9B52-3694A68ECBA6}"
EndProject
Project("{8BC9CEB8-8B4A-11D0-8D11-00A0C91BC942}") = "Bai3", "Bai3\Bai3.vcxproj", "{C72249BC-220E-4855-9A6F-709D91C51618}"
EndProject
Project("{8BC9CEB8-8B4A-11D0-8D11-00A0C91BC942}") = "Bai4", "Bai4\Bai4.vcxproj", "{1D512537-D05C-4FE7-9D05-B7A642664CC0}"
EndProject
Project("{8BC9CEB8-8B4A-11D0-8D11-00A0C91BC942}") = "Bai5", "Bai5\Bai5.vcxproj", "{0BB24C00-3A32-43EB-8F6C-784107469895}"
EndProject
Project("{8BC9CEB8-8B4A-11D0-8D11-00A0C91BC942}") = "Stack01", "Stack01\Stack01.vcxproj", "{C12067DE-C197-4459-AEEF-74592FB32CD9}"
EndProject
Project("{8BC9CEB8-8B4A-11D0-8D11-00A0C91BC942}") = "Stack02", "Stack02\Stack02.vcxproj", "{33CA76E4-EB24-4647-AF46-2500603A3D68}"
EndProject
Project("{8BC9CEB8-8B4A-11D0-8D11-00A0C91BC942}") = "Stack03", "Stack03\Stack03.vcxproj", "{EB8D8222-EDA2-4CCD-9F07-43911BF9EDF0}"
EndProject
Project("{8BC9CEB8-8B4A-11D0-8D11-00A0C91BC942}") = "Stack04", "Stack04\Stack04.vcxproj", "{39EBAF47-EC02-4EF6-B444-BDBA6D69AF71}"
EndProject
Project("{8BC9CEB8-8B4A-11D0-8D11-00A0C91BC942}") = "Stack05", "Stack05\Stack05.vcxproj", "{8B2E40A4-1578-496E-959D-49B715267720}"
EndProject
Project("{8BC9CEB8-8B4A-11D0-8D11-00A0C91BC942}") = "StackOntap", "StackOntap\StackOntap.vcxproj", "{19A9E3D4-BD20-4D23-AD4F-FB5D20560515}"
EndProject
Project("{8BC9CEB8-8B4A-11D0-8D11-00A0C91BC942}") = "Stack06", "Stack6\Stack6.vcxproj", "{42038890-DB53-408B-8845-8C3B84FB83DD}"
EndProject
Project("{8BC9CEB8-8B4A-11D0-8D11-00A0C91BC942}") = "Stack07", "Stack07\Stack07.vcxproj", "{C2781AFD-C46D-4821-B3F4-7CB97D866C73}"
EndProject
Project("{8BC9CEB8-8B4A-11D0-8D11-00A0C91BC942}") = "Stack08", "Stack08\Stack08.vcxproj", "{02446701-2737-4ECB-8038-9F9FB85030F1}"
EndProject
Project("{8BC9CEB8-8B4A-11D0-8D11-00A0C91BC942}") = "Queue01", "Queue01\Queue01.vcxproj", "{C8448584-867C-4B5E-B089-258E5C6715AE}"
EndProject
Project("{8BC9CEB8-8B4A-11D0-8D11-00A0C91BC942}") = "Queue2", "Queue2\Queue2.vcxproj", "{B64704E4-65BF-4CEB-8416-272973B86336}"
EndProject
Global
	GlobalSection(SolutionConfigurationPlatforms) = preSolution
		Debug|x64 = Debug|x64
		Debug|x86 = Debug|x86
		Release|x64 = Release|x64
		Release|x86 = Release|x86
	EndGlobalSection
	GlobalSection(ProjectConfigurationPlatforms) = postSolution
		{BB9D01AC-883F-44E7-B942-5AF0880D6F6E}.Debug|x64.ActiveCfg = Debug|x64
		{BB9D01AC-883F-44E7-B942-5AF0880D6F6E}.Debug|x64.Build.0 = Debug|x64
		{BB9D01AC-883F-44E7-B942-5AF0880D6F6E}.Debug|x86.ActiveCfg = Debug|Win32
		{BB9D01AC-883F-44E7-B942-5AF0880D6F6E}.Debug|x86.Build.0 = Debug|Win32
		{BB9D01AC-883F-44E7-B942-5AF0880D6F6E}.Release|x64.ActiveCfg = Release|x64
		{BB9D01AC-883F-44E7-B942-5AF0880D6F6E}.Release|x64.Build.0 = Release|x64
		{BB9D01AC-883F-44E7-B942-5AF0880D6F6E}.Release|x86.ActiveCfg = Release|Win32
		{BB9D01AC-883F-44E7-B942-5AF0880D6F6E}.Release|x86.Build.0 = Release|Win32
		{4A6C6934-58EB-4238-9B52-3694A68ECBA6}.Debug|x64.ActiveCfg = Debug|x64
		{4A6C6934-58EB-4238-9B52-3694A68ECBA6}.Debug|x64.Build.0 = Debug|x64
		{4A6C6934-58EB-4238-9B52-3694A68ECBA6}.Debug|x86.ActiveCfg = Debug|Win32
		{4A6C6934-58EB-4238-9B52-3694A68ECBA6}.Debug|x86.Build.0 = Debug|Win32
		{4A6C6934-58EB-4238-9B52-3694A68ECBA6}.Release|x64.ActiveCfg = Release|x64
		{4A6C6934-58EB-4238-9B52-3694A68ECBA6}.Release|x64.Build.0 = Release|x64
		{4A6C6934-58EB-4238-9B52-3694A68ECBA6}.Release|x86.ActiveCfg = Release|Win32
		{4A6C6934-58EB-4238-9B52-3694A68ECBA6}.Release|x86.Build.0 = Release|Win32
		{C72249BC-220E-4855-9A6F-709D91C51618}.Debug|x64.ActiveCfg = Debug|x64
		{C72249BC-220E-4855-9A6F-709D91C51618}.Debug|x64.Build.0 = Debug|x64
		{C72249BC-220E-4855-9A6F-709D91C51618}.Debug|x86.ActiveCfg = Debug|Win32
		{C72249BC-220E-4855-9A6F-709D91C51618}.Debug|x86.Build.0 = Debug|Win32
		{C72249BC-220E-4855-9A6F-709D91C51618}.Release|x64.ActiveCfg = Release|x64
		{C72249BC-220E-4855-9A6F-709D91C51618}.Release|x64.Build.0 = Release|x64
		{C72249BC-220E-4855-9A6F-709D91C51618}.Release|x86.ActiveCfg = Release|Win32
		{C72249BC-220E-4855-9A6F-709D91C51618}.Release|x86.Build.0 = Release|Win32
		{1D512537-D05C-4FE7-9D05-B7A642664CC0}.Debug|x64.ActiveCfg = Debug|x64
		{1D512537-D05C-4FE7-9D05-B7A642664CC0}.Debug|x64.Build.0 = Debug|x64
		{1D512537-D05C-4FE7-9D05-B7A642664CC0}.Debug|x86.ActiveCfg = Debug|Win32
		{1D512537-D05C-4FE7-9D05-B7A642664CC0}.Debug|x86.Build.0 = Debug|Win32
		{1D512537-D05C-4FE7-9D05-B7A642664CC0}.Release|x64.ActiveCfg = Release|x64
		{1D512537-D05C-4FE7-9D05-B7A642664CC0}.Release|x64.Build.0 = Release|x64
		{1D512537-D05C-4FE7-9D05-B7A642664CC0}.Release|x86.ActiveCfg = Release|Win32
		{1D512537-D05C-4FE7-9D05-B7A642664CC0}.Release|x86.Build.0 = Release|Win32
		{0BB24C00-3A32-43EB-8F6C-784107469895}.Debug|x64.ActiveCfg = Debug|x64
		{0BB24C00-3A32-43EB-8F6C-784107469895}.Debug|x64.Build.0 = Debug|x64
		{0BB24C00-3A32-43EB-8F6C-784107469895}.Debug|x86.ActiveCfg = Debug|Win32
		{0BB24C00-3A32-43EB-8F6C-784107469895}.Debug|x86.Build.0 = Debug|Win32
		{0BB24C00-3A32-43EB-8F6C-784107469895}.Release|x64.ActiveCfg = Release|x64
		{0BB24C00-3A32-43EB-8F6C-784107469895}.Release|x64.Build.0 = Release|x64
		{0BB24C00-3A32-43EB-8F6C-784107469895}.Release|x86.ActiveCfg = Release|Win32
		{0BB24C00-3A32-43EB-8F6C-784107469895}.Release|x86.Build.0 = Release|Win32
		{C12067DE-C197-4459-AEEF-74592FB32CD9}.Debug|x64.ActiveCfg = Debug|x64
		{C12067DE-C197-4459-AEEF-74592FB32CD9}.Debug|x64.Build.0 = Debug|x64
		{C12067DE-C197-4459-AEEF-74592FB32CD9}.Debug|x86.ActiveCfg = Debug|Win32
		{C12067DE-C197-4459-AEEF-74592FB32CD9}.Debug|x86.Build.0 = Debug|Win32
		{C12067DE-C197-4459-AEEF-74592FB32CD9}.Release|x64.ActiveCfg = Release|x64
		{C12067DE-C197-4459-AEEF-74592FB32CD9}.Release|x64.Build.0 = Release|x64
		{C12067DE-C197-4459-AEEF-74592FB32CD9}.Release|x86.ActiveCfg = Release|Win32
		{C12067DE-C197-4459-AEEF-74592FB32CD9}.Release|x86.Build.0 = Release|Win32
		{33CA76E4-EB24-4647-AF46-2500603A3D68}.Debug|x64.ActiveCfg = Debug|x64
		{33CA76E4-EB24-4647-AF46-2500603A3D68}.Debug|x64.Build.0 = Debug|x64
		{33CA76E4-EB24-4647-AF46-2500603A3D68}.Debug|x86.ActiveCfg = Debug|Win32
		{33CA76E4-EB24-4647-AF46-2500603A3D68}.Debug|x86.Build.0 = Debug|Win32
		{33CA76E4-EB24-4647-AF46-2500603A3D68}.Release|x64.ActiveCfg = Release|x64
		{33CA76E4-EB24-4647-AF46-2500603A3D68}.Release|x64.Build.0 = Release|x64
		{33CA76E4-EB24-4647-AF46-2500603A3D68}.Release|x86.ActiveCfg = Release|Win32
		{33CA76E4-EB24-4647-AF46-2500603A3D68}.Release|x86.Build.0 = Release|Win32
		{EB8D8222-EDA2-4CCD-9F07-43911BF9EDF0}.Debug|x64.ActiveCfg = Debug|x64
		{EB8D8222-EDA2-4CCD-9F07-43911BF9EDF0}.Debug|x64.Build.0 = Debug|x64
		{EB8D8222-EDA2-4CCD-9F07-43911BF9EDF0}.Debug|x86.ActiveCfg = Debug|Win32
		{EB8D8222-EDA2-4CCD-9F07-43911BF9EDF0}.Debug|x86.Build.0 = Debug|Win32
		{EB8D8222-EDA2-4CCD-9F07-43911BF9EDF0}.Release|x64.ActiveCfg = Release|x64
		{EB8D8222-EDA2-4CCD-9F07-43911BF9EDF0}.Release|x64.Build.0 = Release|x64
		{EB8D8222-EDA2-4CCD-9F07-43911BF9EDF0}.Release|x86.ActiveCfg = Release|Win32
		{EB8D8222-EDA2-4CCD-9F07-43911BF9EDF0}.Release|x86.Build.0 = Release|Win32
		{39EBAF47-EC02-4EF6-B444-BDBA6D69AF71}.Debug|x64.ActiveCfg = Debug|x64
		{39EBAF47-EC02-4EF6-B444-BDBA6D69AF71}.Debug|x64.Build.0 = Debug|x64
		{39EBAF47-EC02-4EF6-B444-BDBA6D69AF71}.Debug|x86.ActiveCfg = Debug|Win32
		{39EBAF47-EC02-4EF6-B444-BDBA6D69AF71}.Debug|x86.Build.0 = Debug|Win32
		{39EBAF47-EC02-4EF6-B444-BDBA6D69AF71}.Release|x64.ActiveCfg = Release|x64
		{39EBAF47-EC02-4EF6-B444-BDBA6D69AF71}.Release|x64.Build.0 = Release|x64
		{39EBAF47-EC02-4EF6-B444-BDBA6D69AF71}.Release|x86.ActiveCfg = Release|Win32
		{39EBAF47-EC02-4EF6-B444-BDBA6D69AF71}.Release|x86.Build.0 = Release|Win32
		{8B2E40A4-1578-496E-959D-49B715267720}.Debug|x64.ActiveCfg = Debug|x64
		{8B2E40A4-1578-496E-959D-49B715267720}.Debug|x64.Build.0 = Debug|x64
		{8B2E40A4-1578-496E-959D-49B715267720}.Debug|x86.ActiveCfg = Debug|Win32
		{8B2E40A4-1578-496E-959D-49B715267720}.Debug|x86.Build.0 = Debug|Win32
		{8B2E40A4-1578-496E-959D-49B715267720}.Release|x64.ActiveCfg = Release|x64
		{8B2E40A4-1578-496E-959D-49B715267720}.Release|x64.Build.0 = Release|x64
		{8B2E40A4-1578-496E-959D-49B715267720}.Release|x86.ActiveCfg = Release|Win32
		{8B2E40A4-1578-496E-959D-49B715267720}.Release|x86.Build.0 = Release|Win32
		{19A9E3D4-BD20-4D23-AD4F-FB5D20560515}.Debug|x64.ActiveCfg = Debug|x64
		{19A9E3D4-BD20-4D23-AD4F-FB5D20560515}.Debug|x64.Build.0 = Debug|x64
		{19A9E3D4-BD20-4D23-AD4F-FB5D20560515}.Debug|x86.ActiveCfg = Debug|Win32
		{19A9E3D4-BD20-4D23-AD4F-FB5D20560515}.Debug|x86.Build.0 = Debug|Win32
		{19A9E3D4-BD20-4D23-AD4F-FB5D20560515}.Release|x64.ActiveCfg = Release|x64
		{19A9E3D4-BD20-4D23-AD4F-FB5D20560515}.Release|x64.Build.0 = Release|x64
		{19A9E3D4-BD20-4D23-AD4F-FB5D20560515}.Release|x86.ActiveCfg = Release|Win32
		{19A9E3D4-BD20-4D23-AD4F-FB5D20560515}.Release|x86.Build.0 = Release|Win32
		{42038890-DB53-408B-8845-8C3B84FB83DD}.Debug|x64.ActiveCfg = Debug|x64
		{42038890-DB53-408B-8845-8C3B84FB83DD}.Debug|x64.Build.0 = Debug|x64
		{42038890-DB53-408B-8845-8C3B84FB83DD}.Debug|x86.ActiveCfg = Debug|Win32
		{42038890-DB53-408B-8845-8C3B84FB83DD}.Debug|x86.Build.0 = Debug|Win32
		{42038890-DB53-408B-8845-8C3B84FB83DD}.Release|x64.ActiveCfg = Release|x64
		{42038890-DB53-408B-8845-8C3B84FB83DD}.Release|x64.Build.0 = Release|x64
		{42038890-DB53-408B-8845-8C3B84FB83DD}.Release|x86.ActiveCfg = Release|Win32
		{42038890-DB53-408B-8845-8C3B84FB83DD}.Release|x86.Build.0 = Release|Win32
		{C2781AFD-C46D-4821-B3F4-7CB97D866C73}.Debug|x64.ActiveCfg = Debug|x64
		{C2781AFD-C46D-4821-B3F4-7CB97D866C73}.Debug|x64.Build.0 = Debug|x64
		{C2781AFD-C46D-4821-B3F4-7CB97D866C73}.Debug|x86.ActiveCfg = Debug|Win32
		{C2781AFD-C46D-4821-B3F4-7CB97D866C73}.Debug|x86.Build.0 = Debug|Win32
		{C2781AFD-C46D-4821-B3F4-7CB97D866C73}.Release|x64.ActiveCfg = Release|x64
		{C2781AFD-C46D-4821-B3F4-7CB97D866C73}.Release|x64.Build.0 = Release|x64
		{C2781AFD-C46D-4821-B3F4-7CB97D866C73}.Release|x86.ActiveCfg = Release|Win32
		{C2781AFD-C46D-4821-B3F4-7CB97D866C73}.Release|x86.Build.0 = Release|Win32
		{02446701-2737-4ECB-8038-9F9FB85030F1}.Debug|x64.ActiveCfg = Debug|x64
		{02446701-2737-4ECB-8038-9F9FB85030F1}.Debug|x64.Build.0 = Debug|x64
		{02446701-2737-4ECB-8038-9F9FB85030F1}.Debug|x86.ActiveCfg = Debug|Win32
		{02446701-2737-4ECB-8038-9F9FB85030F1}.Debug|x86.Build.0 = Debug|Win32
		{02446701-2737-4ECB-8038-9F9FB85030F1}.Release|x64.ActiveCfg = Release|x64
		{02446701-2737-4ECB-8038-9F9FB85030F1}.Release|x64.Build.0 = Release|x64
		{02446701-2737-4ECB-8038-9F9FB85030F1}.Release|x86.ActiveCfg = Release|Win32
		{02446701-2737-4ECB-8038-9F9FB85030F1}.Release|x86.Build.0 = Release|Win32
		{C8448584-867C-4B5E-B089-258E5C6715AE}.Debug|x64.ActiveCfg = Debug|x64
		{C8448584-867C-4B5E-B089-258E5C6715AE}.Debug|x64.Build.0 = Debug|x64
		{C8448584-867C-4B5E-B089-258E5C6715AE}.Debug|x86.ActiveCfg = Debug|Win32
		{C8448584-867C-4B5E-B089-258E5C6715AE}.Debug|x86.Build.0 = Debug|Win32
		{C8448584-867C-4B5E-B089-258E5C6715AE}.Release|x64.ActiveCfg = Release|x64
		{C8448584-867C-4B5E-B089-258E5C6715AE}.Release|x64.Build.0 = Release|x64
		{C8448584-867C-4B5E-B089-258E5C6715AE}.Release|x86.ActiveCfg = Release|Win32
		{C8448584-867C-4B5E-B089-258E5C6715AE}.Release|x86.Build.0 = Release|Win32
		{B64704E4-65BF-4CEB-8416-272973B86336}.Debug|x64.ActiveCfg = Debug|x64
		{B64704E4-65BF-4CEB-8416-272973B86336}.Debug|x64.Build.0 = Debug|x64
		{B64704E4-65BF-4CEB-8416-272973B86336}.Debug|x86.ActiveCfg = Debug|Win32
		{B64704E4-65BF-4CEB-8416-272973B86336}.Debug|x86.Build.0 = Debug|Win32
		{B64704E4-65BF-4CEB-8416-272973B86336}.Release|x64.ActiveCfg = Release|x64
		{B64704E4-65BF-4CEB-8416-272973B86336}.Release|x64.Build.0 = Release|x64
		{B64704E4-65BF-4CEB-8416-272973B86336}.Release|x86.ActiveCfg = Release|Win32
		{B64704E4-65BF-4CEB-8416-272973B86336}.Release|x86.Build.0 = Release|Win32
	EndGlobalSection
	GlobalSection(SolutionProperties) = preSolution
		HideSolutionNode = FALSE
	EndGlobalSection
	GlobalSection(ExtensibilityGlobals) = postSolution
		SolutionGuid = {28065464-1580-4E57-98E8-0F0DB491F29D}
	EndGlobalSection
EndGlobal
