
Microsoft Visual Studio Solution File, Format Version 12.00
# Visual Studio Version 17
VisualStudioVersion = 17.9.34616.47
MinimumVisualStudioVersion = 10.0.40219.1
Project("{8BC9CEB8-8B4A-11D0-8D11-00A0C91BC942}") = "Test1", "Test1\Test1.vcxproj", "{67E975E6-AB7E-411A-A0BA-11079E6B4B6A}"
EndProject
Project("{8BC9CEB8-8B4A-11D0-8D11-00A0C91BC942}") = "Test2", "Test2\Test2.vcxproj", "{A301C8D0-5325-4490-B94A-07F10A630763}"
EndProject
Project("{8BC9CEB8-8B4A-11D0-8D11-00A0C91BC942}") = "Test3", "Test3\Test3.vcxproj", "{2A6A2F64-6440-4F24-B5C8-294A31E93AD0}"
EndProject
Project("{8BC9CEB8-8B4A-11D0-8D11-00A0C91BC942}") = "Test4", "Test4\Test4.vcxproj", "{25A63D31-8EED-483F-94CD-2E5CDF6E798B}"
EndProject
Project("{8BC9CEB8-8B4A-11D0-8D11-00A0C91BC942}") = "Test5", "Test5\Test5.vcxproj", "{7CC29E0E-6910-4D67-935D-97CD29E325B1}"
EndProject
Project("{8BC9CEB8-8B4A-11D0-8D11-00A0C91BC942}") = "List01", "List1\List1.vcxproj", "{18199517-079E-4CDC-9FBD-0FF7D1F72FDE}"
EndProject
Project("{8BC9CEB8-8B4A-11D0-8D11-00A0C91BC942}") = "List02", "List2\List2.vcxproj", "{84443086-9F1C-4A14-8321-B57129296176}"
EndProject
Project("{8BC9CEB8-8B4A-11D0-8D11-00A0C91BC942}") = "List03", "List3\List3.vcxproj", "{BDE34612-065E-4BF7-8260-D5E661278340}"
EndProject
Project("{8BC9CEB8-8B4A-11D0-8D11-00A0C91BC942}") = "List04", "List4\List4.vcxproj", "{DF3F5115-572C-42CB-B1BA-55FDB14B1F4C}"
EndProject
Project("{8BC9CEB8-8B4A-11D0-8D11-00A0C91BC942}") = "List05", "List5\List5.vcxproj", "{000059AA-E431-445A-B45C-D6DF37042955}"
EndProject
Project("{8BC9CEB8-8B4A-11D0-8D11-00A0C91BC942}") = "DSLKD1", "DSLKD\DSLKD.vcxproj", "{65B40ECA-93FE-4868-AD30-F54B41259A48}"
EndProject
Project("{8BC9CEB8-8B4A-11D0-8D11-00A0C91BC942}") = "List06", "List6\List6.vcxproj", "{93C4CC32-DA12-47EA-AEF7-A2BDD226686E}"
EndProject
Project("{8BC9CEB8-8B4A-11D0-8D11-00A0C91BC942}") = "List07", "List7\List7.vcxproj", "{7E0C5832-B105-4D0A-BFF5-72FD6560504B}"
EndProject
Project("{8BC9CEB8-8B4A-11D0-8D11-00A0C91BC942}") = "List08", "List8\List8.vcxproj", "{A4F85BBA-3F3E-4858-9686-B25E9FAF2C87}"
EndProject
Project("{8BC9CEB8-8B4A-11D0-8D11-00A0C91BC942}") = "List09", "List9\List9.vcxproj", "{BE2AABEA-53BD-4576-9B93-461BA4BA54CB}"
EndProject
Project("{8BC9CEB8-8B4A-11D0-8D11-00A0C91BC942}") = "List10", "List10\List10.vcxproj", "{3EBBB5CB-1E18-490C-86E2-E41C22C93FB3}"
EndProject
Project("{8BC9CEB8-8B4A-11D0-8D11-00A0C91BC942}") = "List11", "List11\List11.vcxproj", "{F7BFBCB1-8732-4835-B05C-7DEEA2EB373E}"
EndProject
Project("{8BC9CEB8-8B4A-11D0-8D11-00A0C91BC942}") = "List12", "List12\List12.vcxproj", "{8C01AA5D-F5E1-4730-99C4-A7CA72E559EB}"
EndProject
Project("{8BC9CEB8-8B4A-11D0-8D11-00A0C91BC942}") = "List13", "List13\List13.vcxproj", "{948DC77D-38E7-4CCF-9673-020C0F4F9982}"
EndProject
Project("{8BC9CEB8-8B4A-11D0-8D11-00A0C91BC942}") = "List14", "List14\List14.vcxproj", "{A825AC8C-00FD-4508-BA0C-C29C6E2A2772}"
EndProject
Project("{8BC9CEB8-8B4A-11D0-8D11-00A0C91BC942}") = "List15", "List15\List15.vcxproj", "{C53627D1-3D08-4F9C-A4AF-1FDC42E0E774}"
EndProject
Project("{8BC9CEB8-8B4A-11D0-8D11-00A0C91BC942}") = "List16", "List16\List16.vcxproj", "{F2D2D9E4-BB47-4EC3-86C3-6EFCC1E2B7CA}"
EndProject
Project("{8BC9CEB8-8B4A-11D0-8D11-00A0C91BC942}") = "List17", "List17\List17.vcxproj", "{B31A3A14-3F62-4C6B-90BD-011E9CE939D4}"
EndProject
Project("{8BC9CEB8-8B4A-11D0-8D11-00A0C91BC942}") = "List18", "List18\List18.vcxproj", "{CACD0076-A633-4E79-B468-5EDD8DB095CE}"
EndProject
Project("{8BC9CEB8-8B4A-11D0-8D11-00A0C91BC942}") = "List19", "List19\List19.vcxproj", "{8EDD5804-DFAE-4312-B375-1CF0C5615E38}"
EndProject
Project("{8BC9CEB8-8B4A-11D0-8D11-00A0C91BC942}") = "List20", "List20\List20.vcxproj", "{278B4DDE-61DD-4503-8A33-99D899269859}"
EndProject
Project("{8BC9CEB8-8B4A-11D0-8D11-00A0C91BC942}") = "List21", "List21\List21.vcxproj", "{5667242E-1A0A-4D6A-8B00-3EE38666AB50}"
EndProject
Project("{8BC9CEB8-8B4A-11D0-8D11-00A0C91BC942}") = "List22", "List22\List22.vcxproj", "{8BA47768-290D-4D7D-83F6-5A998FBAB74A}"
EndProject
Project("{8BC9CEB8-8B4A-11D0-8D11-00A0C91BC942}") = "List23", "List23\List23.vcxproj", "{38C1027A-5F9F-4113-8C9C-75036D2B50FB}"
EndProject
Project("{8BC9CEB8-8B4A-11D0-8D11-00A0C91BC942}") = "List24", "List24\List24.vcxproj", "{D817A616-6747-4F39-9922-3A694272F08E}"
EndProject
Project("{8BC9CEB8-8B4A-11D0-8D11-00A0C91BC942}") = "List25", "List25\List25.vcxproj", "{F182597F-4CDD-4D82-B319-0E189C7B6B5D}"
EndProject
Project("{8BC9CEB8-8B4A-11D0-8D11-00A0C91BC942}") = "BaiTap1", "BaiTap1\BaiTap1.vcxproj", "{5E5995EB-5524-4FAD-8420-7B86D5C93AB9}"
EndProject
Project("{8BC9CEB8-8B4A-11D0-8D11-00A0C91BC942}") = "BaiTap2", "BaiTap2\BaiTap2.vcxproj", "{B2B7996F-EF77-4180-9939-C237EC2CA902}"
EndProject
Project("{8BC9CEB8-8B4A-11D0-8D11-00A0C91BC942}") = "BaiTap3", "BaiTap3\BaiTap3.vcxproj", "{63FC9DC8-C36A-43DE-899A-44A78FBB3AF9}"
EndProject
Project("{8BC9CEB8-8B4A-11D0-8D11-00A0C91BC942}") = "OnTap1", "OnTap1\OnTap1.vcxproj", "{4E6A1F4C-A8AF-4257-8585-4BCEFA521EF9}"
EndProject
Global
	GlobalSection(SolutionConfigurationPlatforms) = preSolution
		Debug|x64 = Debug|x64
		Debug|x86 = Debug|x86
		Release|x64 = Release|x64
		Release|x86 = Release|x86
	EndGlobalSection
	GlobalSection(ProjectConfigurationPlatforms) = postSolution
		{67E975E6-AB7E-411A-A0BA-11079E6B4B6A}.Debug|x64.ActiveCfg = Debug|x64
		{67E975E6-AB7E-411A-A0BA-11079E6B4B6A}.Debug|x64.Build.0 = Debug|x64
		{67E975E6-AB7E-411A-A0BA-11079E6B4B6A}.Debug|x86.ActiveCfg = Debug|Win32
		{67E975E6-AB7E-411A-A0BA-11079E6B4B6A}.Debug|x86.Build.0 = Debug|Win32
		{67E975E6-AB7E-411A-A0BA-11079E6B4B6A}.Release|x64.ActiveCfg = Release|x64
		{67E975E6-AB7E-411A-A0BA-11079E6B4B6A}.Release|x64.Build.0 = Release|x64
		{67E975E6-AB7E-411A-A0BA-11079E6B4B6A}.Release|x86.ActiveCfg = Release|Win32
		{67E975E6-AB7E-411A-A0BA-11079E6B4B6A}.Release|x86.Build.0 = Release|Win32
		{A301C8D0-5325-4490-B94A-07F10A630763}.Debug|x64.ActiveCfg = Debug|x64
		{A301C8D0-5325-4490-B94A-07F10A630763}.Debug|x64.Build.0 = Debug|x64
		{A301C8D0-5325-4490-B94A-07F10A630763}.Debug|x86.ActiveCfg = Debug|Win32
		{A301C8D0-5325-4490-B94A-07F10A630763}.Debug|x86.Build.0 = Debug|Win32
		{A301C8D0-5325-4490-B94A-07F10A630763}.Release|x64.ActiveCfg = Release|x64
		{A301C8D0-5325-4490-B94A-07F10A630763}.Release|x64.Build.0 = Release|x64
		{A301C8D0-5325-4490-B94A-07F10A630763}.Release|x86.ActiveCfg = Release|Win32
		{A301C8D0-5325-4490-B94A-07F10A630763}.Release|x86.Build.0 = Release|Win32
		{2A6A2F64-6440-4F24-B5C8-294A31E93AD0}.Debug|x64.ActiveCfg = Debug|x64
		{2A6A2F64-6440-4F24-B5C8-294A31E93AD0}.Debug|x64.Build.0 = Debug|x64
		{2A6A2F64-6440-4F24-B5C8-294A31E93AD0}.Debug|x86.ActiveCfg = Debug|Win32
		{2A6A2F64-6440-4F24-B5C8-294A31E93AD0}.Debug|x86.Build.0 = Debug|Win32
		{2A6A2F64-6440-4F24-B5C8-294A31E93AD0}.Release|x64.ActiveCfg = Release|x64
		{2A6A2F64-6440-4F24-B5C8-294A31E93AD0}.Release|x64.Build.0 = Release|x64
		{2A6A2F64-6440-4F24-B5C8-294A31E93AD0}.Release|x86.ActiveCfg = Release|Win32
		{2A6A2F64-6440-4F24-B5C8-294A31E93AD0}.Release|x86.Build.0 = Release|Win32
		{25A63D31-8EED-483F-94CD-2E5CDF6E798B}.Debug|x64.ActiveCfg = Debug|x64
		{25A63D31-8EED-483F-94CD-2E5CDF6E798B}.Debug|x64.Build.0 = Debug|x64
		{25A63D31-8EED-483F-94CD-2E5CDF6E798B}.Debug|x86.ActiveCfg = Debug|Win32
		{25A63D31-8EED-483F-94CD-2E5CDF6E798B}.Debug|x86.Build.0 = Debug|Win32
		{25A63D31-8EED-483F-94CD-2E5CDF6E798B}.Release|x64.ActiveCfg = Release|x64
		{25A63D31-8EED-483F-94CD-2E5CDF6E798B}.Release|x64.Build.0 = Release|x64
		{25A63D31-8EED-483F-94CD-2E5CDF6E798B}.Release|x86.ActiveCfg = Release|Win32
		{25A63D31-8EED-483F-94CD-2E5CDF6E798B}.Release|x86.Build.0 = Release|Win32
		{7CC29E0E-6910-4D67-935D-97CD29E325B1}.Debug|x64.ActiveCfg = Debug|x64
		{7CC29E0E-6910-4D67-935D-97CD29E325B1}.Debug|x64.Build.0 = Debug|x64
		{7CC29E0E-6910-4D67-935D-97CD29E325B1}.Debug|x86.ActiveCfg = Debug|Win32
		{7CC29E0E-6910-4D67-935D-97CD29E325B1}.Debug|x86.Build.0 = Debug|Win32
		{7CC29E0E-6910-4D67-935D-97CD29E325B1}.Release|x64.ActiveCfg = Release|x64
		{7CC29E0E-6910-4D67-935D-97CD29E325B1}.Release|x64.Build.0 = Release|x64
		{7CC29E0E-6910-4D67-935D-97CD29E325B1}.Release|x86.ActiveCfg = Release|Win32
		{7CC29E0E-6910-4D67-935D-97CD29E325B1}.Release|x86.Build.0 = Release|Win32
		{18199517-079E-4CDC-9FBD-0FF7D1F72FDE}.Debug|x64.ActiveCfg = Debug|x64
		{18199517-079E-4CDC-9FBD-0FF7D1F72FDE}.Debug|x64.Build.0 = Debug|x64
		{18199517-079E-4CDC-9FBD-0FF7D1F72FDE}.Debug|x86.ActiveCfg = Debug|Win32
		{18199517-079E-4CDC-9FBD-0FF7D1F72FDE}.Debug|x86.Build.0 = Debug|Win32
		{18199517-079E-4CDC-9FBD-0FF7D1F72FDE}.Release|x64.ActiveCfg = Release|x64
		{18199517-079E-4CDC-9FBD-0FF7D1F72FDE}.Release|x64.Build.0 = Release|x64
		{18199517-079E-4CDC-9FBD-0FF7D1F72FDE}.Release|x86.ActiveCfg = Release|Win32
		{18199517-079E-4CDC-9FBD-0FF7D1F72FDE}.Release|x86.Build.0 = Release|Win32
		{84443086-9F1C-4A14-8321-B57129296176}.Debug|x64.ActiveCfg = Debug|x64
		{84443086-9F1C-4A14-8321-B57129296176}.Debug|x64.Build.0 = Debug|x64
		{84443086-9F1C-4A14-8321-B57129296176}.Debug|x86.ActiveCfg = Debug|Win32
		{84443086-9F1C-4A14-8321-B57129296176}.Debug|x86.Build.0 = Debug|Win32
		{84443086-9F1C-4A14-8321-B57129296176}.Release|x64.ActiveCfg = Release|x64
		{84443086-9F1C-4A14-8321-B57129296176}.Release|x64.Build.0 = Release|x64
		{84443086-9F1C-4A14-8321-B57129296176}.Release|x86.ActiveCfg = Release|Win32
		{84443086-9F1C-4A14-8321-B57129296176}.Release|x86.Build.0 = Release|Win32
		{BDE34612-065E-4BF7-8260-D5E661278340}.Debug|x64.ActiveCfg = Debug|x64
		{BDE34612-065E-4BF7-8260-D5E661278340}.Debug|x64.Build.0 = Debug|x64
		{BDE34612-065E-4BF7-8260-D5E661278340}.Debug|x86.ActiveCfg = Debug|Win32
		{BDE34612-065E-4BF7-8260-D5E661278340}.Debug|x86.Build.0 = Debug|Win32
		{BDE34612-065E-4BF7-8260-D5E661278340}.Release|x64.ActiveCfg = Release|x64
		{BDE34612-065E-4BF7-8260-D5E661278340}.Release|x64.Build.0 = Release|x64
		{BDE34612-065E-4BF7-8260-D5E661278340}.Release|x86.ActiveCfg = Release|Win32
		{BDE34612-065E-4BF7-8260-D5E661278340}.Release|x86.Build.0 = Release|Win32
		{DF3F5115-572C-42CB-B1BA-55FDB14B1F4C}.Debug|x64.ActiveCfg = Debug|x64
		{DF3F5115-572C-42CB-B1BA-55FDB14B1F4C}.Debug|x64.Build.0 = Debug|x64
		{DF3F5115-572C-42CB-B1BA-55FDB14B1F4C}.Debug|x86.ActiveCfg = Debug|Win32
		{DF3F5115-572C-42CB-B1BA-55FDB14B1F4C}.Debug|x86.Build.0 = Debug|Win32
		{DF3F5115-572C-42CB-B1BA-55FDB14B1F4C}.Release|x64.ActiveCfg = Release|x64
		{DF3F5115-572C-42CB-B1BA-55FDB14B1F4C}.Release|x64.Build.0 = Release|x64
		{DF3F5115-572C-42CB-B1BA-55FDB14B1F4C}.Release|x86.ActiveCfg = Release|Win32
		{DF3F5115-572C-42CB-B1BA-55FDB14B1F4C}.Release|x86.Build.0 = Release|Win32
		{000059AA-E431-445A-B45C-D6DF37042955}.Debug|x64.ActiveCfg = Debug|x64
		{000059AA-E431-445A-B45C-D6DF37042955}.Debug|x64.Build.0 = Debug|x64
		{000059AA-E431-445A-B45C-D6DF37042955}.Debug|x86.ActiveCfg = Debug|Win32
		{000059AA-E431-445A-B45C-D6DF37042955}.Debug|x86.Build.0 = Debug|Win32
		{000059AA-E431-445A-B45C-D6DF37042955}.Release|x64.ActiveCfg = Release|x64
		{000059AA-E431-445A-B45C-D6DF37042955}.Release|x64.Build.0 = Release|x64
		{000059AA-E431-445A-B45C-D6DF37042955}.Release|x86.ActiveCfg = Release|Win32
		{000059AA-E431-445A-B45C-D6DF37042955}.Release|x86.Build.0 = Release|Win32
		{65B40ECA-93FE-4868-AD30-F54B41259A48}.Debug|x64.ActiveCfg = Debug|x64
		{65B40ECA-93FE-4868-AD30-F54B41259A48}.Debug|x64.Build.0 = Debug|x64
		{65B40ECA-93FE-4868-AD30-F54B41259A48}.Debug|x86.ActiveCfg = Debug|Win32
		{65B40ECA-93FE-4868-AD30-F54B41259A48}.Debug|x86.Build.0 = Debug|Win32
		{65B40ECA-93FE-4868-AD30-F54B41259A48}.Release|x64.ActiveCfg = Release|x64
		{65B40ECA-93FE-4868-AD30-F54B41259A48}.Release|x64.Build.0 = Release|x64
		{65B40ECA-93FE-4868-AD30-F54B41259A48}.Release|x86.ActiveCfg = Release|Win32
		{65B40ECA-93FE-4868-AD30-F54B41259A48}.Release|x86.Build.0 = Release|Win32
		{93C4CC32-DA12-47EA-AEF7-A2BDD226686E}.Debug|x64.ActiveCfg = Debug|x64
		{93C4CC32-DA12-47EA-AEF7-A2BDD226686E}.Debug|x64.Build.0 = Debug|x64
		{93C4CC32-DA12-47EA-AEF7-A2BDD226686E}.Debug|x86.ActiveCfg = Debug|Win32
		{93C4CC32-DA12-47EA-AEF7-A2BDD226686E}.Debug|x86.Build.0 = Debug|Win32
		{93C4CC32-DA12-47EA-AEF7-A2BDD226686E}.Release|x64.ActiveCfg = Release|x64
		{93C4CC32-DA12-47EA-AEF7-A2BDD226686E}.Release|x64.Build.0 = Release|x64
		{93C4CC32-DA12-47EA-AEF7-A2BDD226686E}.Release|x86.ActiveCfg = Release|Win32
		{93C4CC32-DA12-47EA-AEF7-A2BDD226686E}.Release|x86.Build.0 = Release|Win32
		{7E0C5832-B105-4D0A-BFF5-72FD6560504B}.Debug|x64.ActiveCfg = Debug|x64
		{7E0C5832-B105-4D0A-BFF5-72FD6560504B}.Debug|x64.Build.0 = Debug|x64
		{7E0C5832-B105-4D0A-BFF5-72FD6560504B}.Debug|x86.ActiveCfg = Debug|Win32
		{7E0C5832-B105-4D0A-BFF5-72FD6560504B}.Debug|x86.Build.0 = Debug|Win32
		{7E0C5832-B105-4D0A-BFF5-72FD6560504B}.Release|x64.ActiveCfg = Release|x64
		{7E0C5832-B105-4D0A-BFF5-72FD6560504B}.Release|x64.Build.0 = Release|x64
		{7E0C5832-B105-4D0A-BFF5-72FD6560504B}.Release|x86.ActiveCfg = Release|Win32
		{7E0C5832-B105-4D0A-BFF5-72FD6560504B}.Release|x86.Build.0 = Release|Win32
		{A4F85BBA-3F3E-4858-9686-B25E9FAF2C87}.Debug|x64.ActiveCfg = Debug|x64
		{A4F85BBA-3F3E-4858-9686-B25E9FAF2C87}.Debug|x64.Build.0 = Debug|x64
		{A4F85BBA-3F3E-4858-9686-B25E9FAF2C87}.Debug|x86.ActiveCfg = Debug|Win32
		{A4F85BBA-3F3E-4858-9686-B25E9FAF2C87}.Debug|x86.Build.0 = Debug|Win32
		{A4F85BBA-3F3E-4858-9686-B25E9FAF2C87}.Release|x64.ActiveCfg = Release|x64
		{A4F85BBA-3F3E-4858-9686-B25E9FAF2C87}.Release|x64.Build.0 = Release|x64
		{A4F85BBA-3F3E-4858-9686-B25E9FAF2C87}.Release|x86.ActiveCfg = Release|Win32
		{A4F85BBA-3F3E-4858-9686-B25E9FAF2C87}.Release|x86.Build.0 = Release|Win32
		{BE2AABEA-53BD-4576-9B93-461BA4BA54CB}.Debug|x64.ActiveCfg = Debug|x64
		{BE2AABEA-53BD-4576-9B93-461BA4BA54CB}.Debug|x64.Build.0 = Debug|x64
		{BE2AABEA-53BD-4576-9B93-461BA4BA54CB}.Debug|x86.ActiveCfg = Debug|Win32
		{BE2AABEA-53BD-4576-9B93-461BA4BA54CB}.Debug|x86.Build.0 = Debug|Win32
		{BE2AABEA-53BD-4576-9B93-461BA4BA54CB}.Release|x64.ActiveCfg = Release|x64
		{BE2AABEA-53BD-4576-9B93-461BA4BA54CB}.Release|x64.Build.0 = Release|x64
		{BE2AABEA-53BD-4576-9B93-461BA4BA54CB}.Release|x86.ActiveCfg = Release|Win32
		{BE2AABEA-53BD-4576-9B93-461BA4BA54CB}.Release|x86.Build.0 = Release|Win32
		{3EBBB5CB-1E18-490C-86E2-E41C22C93FB3}.Debug|x64.ActiveCfg = Debug|x64
		{3EBBB5CB-1E18-490C-86E2-E41C22C93FB3}.Debug|x64.Build.0 = Debug|x64
		{3EBBB5CB-1E18-490C-86E2-E41C22C93FB3}.Debug|x86.ActiveCfg = Debug|Win32
		{3EBBB5CB-1E18-490C-86E2-E41C22C93FB3}.Debug|x86.Build.0 = Debug|Win32
		{3EBBB5CB-1E18-490C-86E2-E41C22C93FB3}.Release|x64.ActiveCfg = Release|x64
		{3EBBB5CB-1E18-490C-86E2-E41C22C93FB3}.Release|x64.Build.0 = Release|x64
		{3EBBB5CB-1E18-490C-86E2-E41C22C93FB3}.Release|x86.ActiveCfg = Release|Win32
		{3EBBB5CB-1E18-490C-86E2-E41C22C93FB3}.Release|x86.Build.0 = Release|Win32
		{F7BFBCB1-8732-4835-B05C-7DEEA2EB373E}.Debug|x64.ActiveCfg = Debug|x64
		{F7BFBCB1-8732-4835-B05C-7DEEA2EB373E}.Debug|x64.Build.0 = Debug|x64
		{F7BFBCB1-8732-4835-B05C-7DEEA2EB373E}.Debug|x86.ActiveCfg = Debug|Win32
		{F7BFBCB1-8732-4835-B05C-7DEEA2EB373E}.Debug|x86.Build.0 = Debug|Win32
		{F7BFBCB1-8732-4835-B05C-7DEEA2EB373E}.Release|x64.ActiveCfg = Release|x64
		{F7BFBCB1-8732-4835-B05C-7DEEA2EB373E}.Release|x64.Build.0 = Release|x64
		{F7BFBCB1-8732-4835-B05C-7DEEA2EB373E}.Release|x86.ActiveCfg = Release|Win32
		{F7BFBCB1-8732-4835-B05C-7DEEA2EB373E}.Release|x86.Build.0 = Release|Win32
		{8C01AA5D-F5E1-4730-99C4-A7CA72E559EB}.Debug|x64.ActiveCfg = Debug|x64
		{8C01AA5D-F5E1-4730-99C4-A7CA72E559EB}.Debug|x64.Build.0 = Debug|x64
		{8C01AA5D-F5E1-4730-99C4-A7CA72E559EB}.Debug|x86.ActiveCfg = Debug|Win32
		{8C01AA5D-F5E1-4730-99C4-A7CA72E559EB}.Debug|x86.Build.0 = Debug|Win32
		{8C01AA5D-F5E1-4730-99C4-A7CA72E559EB}.Release|x64.ActiveCfg = Release|x64
		{8C01AA5D-F5E1-4730-99C4-A7CA72E559EB}.Release|x64.Build.0 = Release|x64
		{8C01AA5D-F5E1-4730-99C4-A7CA72E559EB}.Release|x86.ActiveCfg = Release|Win32
		{8C01AA5D-F5E1-4730-99C4-A7CA72E559EB}.Release|x86.Build.0 = Release|Win32
		{948DC77D-38E7-4CCF-9673-020C0F4F9982}.Debug|x64.ActiveCfg = Debug|x64
		{948DC77D-38E7-4CCF-9673-020C0F4F9982}.Debug|x64.Build.0 = Debug|x64
		{948DC77D-38E7-4CCF-9673-020C0F4F9982}.Debug|x86.ActiveCfg = Debug|Win32
		{948DC77D-38E7-4CCF-9673-020C0F4F9982}.Debug|x86.Build.0 = Debug|Win32
		{948DC77D-38E7-4CCF-9673-020C0F4F9982}.Release|x64.ActiveCfg = Release|x64
		{948DC77D-38E7-4CCF-9673-020C0F4F9982}.Release|x64.Build.0 = Release|x64
		{948DC77D-38E7-4CCF-9673-020C0F4F9982}.Release|x86.ActiveCfg = Release|Win32
		{948DC77D-38E7-4CCF-9673-020C0F4F9982}.Release|x86.Build.0 = Release|Win32
		{A825AC8C-00FD-4508-BA0C-C29C6E2A2772}.Debug|x64.ActiveCfg = Debug|x64
		{A825AC8C-00FD-4508-BA0C-C29C6E2A2772}.Debug|x64.Build.0 = Debug|x64
		{A825AC8C-00FD-4508-BA0C-C29C6E2A2772}.Debug|x86.ActiveCfg = Debug|Win32
		{A825AC8C-00FD-4508-BA0C-C29C6E2A2772}.Debug|x86.Build.0 = Debug|Win32
		{A825AC8C-00FD-4508-BA0C-C29C6E2A2772}.Release|x64.ActiveCfg = Release|x64
		{A825AC8C-00FD-4508-BA0C-C29C6E2A2772}.Release|x64.Build.0 = Release|x64
		{A825AC8C-00FD-4508-BA0C-C29C6E2A2772}.Release|x86.ActiveCfg = Release|Win32
		{A825AC8C-00FD-4508-BA0C-C29C6E2A2772}.Release|x86.Build.0 = Release|Win32
		{C53627D1-3D08-4F9C-A4AF-1FDC42E0E774}.Debug|x64.ActiveCfg = Debug|x64
		{C53627D1-3D08-4F9C-A4AF-1FDC42E0E774}.Debug|x64.Build.0 = Debug|x64
		{C53627D1-3D08-4F9C-A4AF-1FDC42E0E774}.Debug|x86.ActiveCfg = Debug|Win32
		{C53627D1-3D08-4F9C-A4AF-1FDC42E0E774}.Debug|x86.Build.0 = Debug|Win32
		{C53627D1-3D08-4F9C-A4AF-1FDC42E0E774}.Release|x64.ActiveCfg = Release|x64
		{C53627D1-3D08-4F9C-A4AF-1FDC42E0E774}.Release|x64.Build.0 = Release|x64
		{C53627D1-3D08-4F9C-A4AF-1FDC42E0E774}.Release|x86.ActiveCfg = Release|Win32
		{C53627D1-3D08-4F9C-A4AF-1FDC42E0E774}.Release|x86.Build.0 = Release|Win32
		{F2D2D9E4-BB47-4EC3-86C3-6EFCC1E2B7CA}.Debug|x64.ActiveCfg = Debug|x64
		{F2D2D9E4-BB47-4EC3-86C3-6EFCC1E2B7CA}.Debug|x64.Build.0 = Debug|x64
		{F2D2D9E4-BB47-4EC3-86C3-6EFCC1E2B7CA}.Debug|x86.ActiveCfg = Debug|Win32
		{F2D2D9E4-BB47-4EC3-86C3-6EFCC1E2B7CA}.Debug|x86.Build.0 = Debug|Win32
		{F2D2D9E4-BB47-4EC3-86C3-6EFCC1E2B7CA}.Release|x64.ActiveCfg = Release|x64
		{F2D2D9E4-BB47-4EC3-86C3-6EFCC1E2B7CA}.Release|x64.Build.0 = Release|x64
		{F2D2D9E4-BB47-4EC3-86C3-6EFCC1E2B7CA}.Release|x86.ActiveCfg = Release|Win32
		{F2D2D9E4-BB47-4EC3-86C3-6EFCC1E2B7CA}.Release|x86.Build.0 = Release|Win32
		{B31A3A14-3F62-4C6B-90BD-011E9CE939D4}.Debug|x64.ActiveCfg = Debug|x64
		{B31A3A14-3F62-4C6B-90BD-011E9CE939D4}.Debug|x64.Build.0 = Debug|x64
		{B31A3A14-3F62-4C6B-90BD-011E9CE939D4}.Debug|x86.ActiveCfg = Debug|Win32
		{B31A3A14-3F62-4C6B-90BD-011E9CE939D4}.Debug|x86.Build.0 = Debug|Win32
		{B31A3A14-3F62-4C6B-90BD-011E9CE939D4}.Release|x64.ActiveCfg = Release|x64
		{B31A3A14-3F62-4C6B-90BD-011E9CE939D4}.Release|x64.Build.0 = Release|x64
		{B31A3A14-3F62-4C6B-90BD-011E9CE939D4}.Release|x86.ActiveCfg = Release|Win32
		{B31A3A14-3F62-4C6B-90BD-011E9CE939D4}.Release|x86.Build.0 = Release|Win32
		{CACD0076-A633-4E79-B468-5EDD8DB095CE}.Debug|x64.ActiveCfg = Debug|x64
		{CACD0076-A633-4E79-B468-5EDD8DB095CE}.Debug|x64.Build.0 = Debug|x64
		{CACD0076-A633-4E79-B468-5EDD8DB095CE}.Debug|x86.ActiveCfg = Debug|Win32
		{CACD0076-A633-4E79-B468-5EDD8DB095CE}.Debug|x86.Build.0 = Debug|Win32
		{CACD0076-A633-4E79-B468-5EDD8DB095CE}.Release|x64.ActiveCfg = Release|x64
		{CACD0076-A633-4E79-B468-5EDD8DB095CE}.Release|x64.Build.0 = Release|x64
		{CACD0076-A633-4E79-B468-5EDD8DB095CE}.Release|x86.ActiveCfg = Release|Win32
		{CACD0076-A633-4E79-B468-5EDD8DB095CE}.Release|x86.Build.0 = Release|Win32
		{8EDD5804-DFAE-4312-B375-1CF0C5615E38}.Debug|x64.ActiveCfg = Debug|x64
		{8EDD5804-DFAE-4312-B375-1CF0C5615E38}.Debug|x64.Build.0 = Debug|x64
		{8EDD5804-DFAE-4312-B375-1CF0C5615E38}.Debug|x86.ActiveCfg = Debug|Win32
		{8EDD5804-DFAE-4312-B375-1CF0C5615E38}.Debug|x86.Build.0 = Debug|Win32
		{8EDD5804-DFAE-4312-B375-1CF0C5615E38}.Release|x64.ActiveCfg = Release|x64
		{8EDD5804-DFAE-4312-B375-1CF0C5615E38}.Release|x64.Build.0 = Release|x64
		{8EDD5804-DFAE-4312-B375-1CF0C5615E38}.Release|x86.ActiveCfg = Release|Win32
		{8EDD5804-DFAE-4312-B375-1CF0C5615E38}.Release|x86.Build.0 = Release|Win32
		{278B4DDE-61DD-4503-8A33-99D899269859}.Debug|x64.ActiveCfg = Debug|x64
		{278B4DDE-61DD-4503-8A33-99D899269859}.Debug|x64.Build.0 = Debug|x64
		{278B4DDE-61DD-4503-8A33-99D899269859}.Debug|x86.ActiveCfg = Debug|Win32
		{278B4DDE-61DD-4503-8A33-99D899269859}.Debug|x86.Build.0 = Debug|Win32
		{278B4DDE-61DD-4503-8A33-99D899269859}.Release|x64.ActiveCfg = Release|x64
		{278B4DDE-61DD-4503-8A33-99D899269859}.Release|x64.Build.0 = Release|x64
		{278B4DDE-61DD-4503-8A33-99D899269859}.Release|x86.ActiveCfg = Release|Win32
		{278B4DDE-61DD-4503-8A33-99D899269859}.Release|x86.Build.0 = Release|Win32
		{5667242E-1A0A-4D6A-8B00-3EE38666AB50}.Debug|x64.ActiveCfg = Debug|x64
		{5667242E-1A0A-4D6A-8B00-3EE38666AB50}.Debug|x64.Build.0 = Debug|x64
		{5667242E-1A0A-4D6A-8B00-3EE38666AB50}.Debug|x86.ActiveCfg = Debug|Win32
		{5667242E-1A0A-4D6A-8B00-3EE38666AB50}.Debug|x86.Build.0 = Debug|Win32
		{5667242E-1A0A-4D6A-8B00-3EE38666AB50}.Release|x64.ActiveCfg = Release|x64
		{5667242E-1A0A-4D6A-8B00-3EE38666AB50}.Release|x64.Build.0 = Release|x64
		{5667242E-1A0A-4D6A-8B00-3EE38666AB50}.Release|x86.ActiveCfg = Release|Win32
		{5667242E-1A0A-4D6A-8B00-3EE38666AB50}.Release|x86.Build.0 = Release|Win32
		{8BA47768-290D-4D7D-83F6-5A998FBAB74A}.Debug|x64.ActiveCfg = Debug|x64
		{8BA47768-290D-4D7D-83F6-5A998FBAB74A}.Debug|x64.Build.0 = Debug|x64
		{8BA47768-290D-4D7D-83F6-5A998FBAB74A}.Debug|x86.ActiveCfg = Debug|Win32
		{8BA47768-290D-4D7D-83F6-5A998FBAB74A}.Debug|x86.Build.0 = Debug|Win32
		{8BA47768-290D-4D7D-83F6-5A998FBAB74A}.Release|x64.ActiveCfg = Release|x64
		{8BA47768-290D-4D7D-83F6-5A998FBAB74A}.Release|x64.Build.0 = Release|x64
		{8BA47768-290D-4D7D-83F6-5A998FBAB74A}.Release|x86.ActiveCfg = Release|Win32
		{8BA47768-290D-4D7D-83F6-5A998FBAB74A}.Release|x86.Build.0 = Release|Win32
		{38C1027A-5F9F-4113-8C9C-75036D2B50FB}.Debug|x64.ActiveCfg = Debug|x64
		{38C1027A-5F9F-4113-8C9C-75036D2B50FB}.Debug|x64.Build.0 = Debug|x64
		{38C1027A-5F9F-4113-8C9C-75036D2B50FB}.Debug|x86.ActiveCfg = Debug|Win32
		{38C1027A-5F9F-4113-8C9C-75036D2B50FB}.Debug|x86.Build.0 = Debug|Win32
		{38C1027A-5F9F-4113-8C9C-75036D2B50FB}.Release|x64.ActiveCfg = Release|x64
		{38C1027A-5F9F-4113-8C9C-75036D2B50FB}.Release|x64.Build.0 = Release|x64
		{38C1027A-5F9F-4113-8C9C-75036D2B50FB}.Release|x86.ActiveCfg = Release|Win32
		{38C1027A-5F9F-4113-8C9C-75036D2B50FB}.Release|x86.Build.0 = Release|Win32
		{D817A616-6747-4F39-9922-3A694272F08E}.Debug|x64.ActiveCfg = Debug|x64
		{D817A616-6747-4F39-9922-3A694272F08E}.Debug|x64.Build.0 = Debug|x64
		{D817A616-6747-4F39-9922-3A694272F08E}.Debug|x86.ActiveCfg = Debug|Win32
		{D817A616-6747-4F39-9922-3A694272F08E}.Debug|x86.Build.0 = Debug|Win32
		{D817A616-6747-4F39-9922-3A694272F08E}.Release|x64.ActiveCfg = Release|x64
		{D817A616-6747-4F39-9922-3A694272F08E}.Release|x64.Build.0 = Release|x64
		{D817A616-6747-4F39-9922-3A694272F08E}.Release|x86.ActiveCfg = Release|Win32
		{D817A616-6747-4F39-9922-3A694272F08E}.Release|x86.Build.0 = Release|Win32
		{F182597F-4CDD-4D82-B319-0E189C7B6B5D}.Debug|x64.ActiveCfg = Debug|x64
		{F182597F-4CDD-4D82-B319-0E189C7B6B5D}.Debug|x64.Build.0 = Debug|x64
		{F182597F-4CDD-4D82-B319-0E189C7B6B5D}.Debug|x86.ActiveCfg = Debug|Win32
		{F182597F-4CDD-4D82-B319-0E189C7B6B5D}.Debug|x86.Build.0 = Debug|Win32
		{F182597F-4CDD-4D82-B319-0E189C7B6B5D}.Release|x64.ActiveCfg = Release|x64
		{F182597F-4CDD-4D82-B319-0E189C7B6B5D}.Release|x64.Build.0 = Release|x64
		{F182597F-4CDD-4D82-B319-0E189C7B6B5D}.Release|x86.ActiveCfg = Release|Win32
		{F182597F-4CDD-4D82-B319-0E189C7B6B5D}.Release|x86.Build.0 = Release|Win32
		{5E5995EB-5524-4FAD-8420-7B86D5C93AB9}.Debug|x64.ActiveCfg = Debug|x64
		{5E5995EB-5524-4FAD-8420-7B86D5C93AB9}.Debug|x64.Build.0 = Debug|x64
		{5E5995EB-5524-4FAD-8420-7B86D5C93AB9}.Debug|x86.ActiveCfg = Debug|Win32
		{5E5995EB-5524-4FAD-8420-7B86D5C93AB9}.Debug|x86.Build.0 = Debug|Win32
		{5E5995EB-5524-4FAD-8420-7B86D5C93AB9}.Release|x64.ActiveCfg = Release|x64
		{5E5995EB-5524-4FAD-8420-7B86D5C93AB9}.Release|x64.Build.0 = Release|x64
		{5E5995EB-5524-4FAD-8420-7B86D5C93AB9}.Release|x86.ActiveCfg = Release|Win32
		{5E5995EB-5524-4FAD-8420-7B86D5C93AB9}.Release|x86.Build.0 = Release|Win32
		{B2B7996F-EF77-4180-9939-C237EC2CA902}.Debug|x64.ActiveCfg = Debug|x64
		{B2B7996F-EF77-4180-9939-C237EC2CA902}.Debug|x64.Build.0 = Debug|x64
		{B2B7996F-EF77-4180-9939-C237EC2CA902}.Debug|x86.ActiveCfg = Debug|Win32
		{B2B7996F-EF77-4180-9939-C237EC2CA902}.Debug|x86.Build.0 = Debug|Win32
		{B2B7996F-EF77-4180-9939-C237EC2CA902}.Release|x64.ActiveCfg = Release|x64
		{B2B7996F-EF77-4180-9939-C237EC2CA902}.Release|x64.Build.0 = Release|x64
		{B2B7996F-EF77-4180-9939-C237EC2CA902}.Release|x86.ActiveCfg = Release|Win32
		{B2B7996F-EF77-4180-9939-C237EC2CA902}.Release|x86.Build.0 = Release|Win32
		{63FC9DC8-C36A-43DE-899A-44A78FBB3AF9}.Debug|x64.ActiveCfg = Debug|x64
		{63FC9DC8-C36A-43DE-899A-44A78FBB3AF9}.Debug|x64.Build.0 = Debug|x64
		{63FC9DC8-C36A-43DE-899A-44A78FBB3AF9}.Debug|x86.ActiveCfg = Debug|Win32
		{63FC9DC8-C36A-43DE-899A-44A78FBB3AF9}.Debug|x86.Build.0 = Debug|Win32
		{63FC9DC8-C36A-43DE-899A-44A78FBB3AF9}.Release|x64.ActiveCfg = Release|x64
		{63FC9DC8-C36A-43DE-899A-44A78FBB3AF9}.Release|x64.Build.0 = Release|x64
		{63FC9DC8-C36A-43DE-899A-44A78FBB3AF9}.Release|x86.ActiveCfg = Release|Win32
		{63FC9DC8-C36A-43DE-899A-44A78FBB3AF9}.Release|x86.Build.0 = Release|Win32
		{4E6A1F4C-A8AF-4257-8585-4BCEFA521EF9}.Debug|x64.ActiveCfg = Debug|x64
		{4E6A1F4C-A8AF-4257-8585-4BCEFA521EF9}.Debug|x64.Build.0 = Debug|x64
		{4E6A1F4C-A8AF-4257-8585-4BCEFA521EF9}.Debug|x86.ActiveCfg = Debug|Win32
		{4E6A1F4C-A8AF-4257-8585-4BCEFA521EF9}.Debug|x86.Build.0 = Debug|Win32
		{4E6A1F4C-A8AF-4257-8585-4BCEFA521EF9}.Release|x64.ActiveCfg = Release|x64
		{4E6A1F4C-A8AF-4257-8585-4BCEFA521EF9}.Release|x64.Build.0 = Release|x64
		{4E6A1F4C-A8AF-4257-8585-4BCEFA521EF9}.Release|x86.ActiveCfg = Release|Win32
		{4E6A1F4C-A8AF-4257-8585-4BCEFA521EF9}.Release|x86.Build.0 = Release|Win32
	EndGlobalSection
	GlobalSection(SolutionProperties) = preSolution
		HideSolutionNode = FALSE
	EndGlobalSection
	GlobalSection(ExtensibilityGlobals) = postSolution
		SolutionGuid = {7854094B-11BA-45ED-84FA-3A207E57976B}
	EndGlobalSection
EndGlobal
