
Microsoft Visual Studio Solution File, Format Version 12.00
# Visual Studio Version 17
VisualStudioVersion = 17.9.34616.47
MinimumVisualStudioVersion = 10.0.40219.1
Project("{8BC9CEB8-8B4A-11D0-8D11-00A0C91BC942}") = "BSTree01", "BSTree01\BSTree01.vcxproj", "{D7815036-4AA8-4B26-A830-450CED48084B}"
EndProject
Project("{8BC9CEB8-8B4A-11D0-8D11-00A0C91BC942}") = "BSTree02", "BSTree02\BSTree02.vcxproj", "{8BA677F2-55E2-4FFF-84AB-5C0E88195FE5}"
EndProject
Project("{8BC9CEB8-8B4A-11D0-8D11-00A0C91BC942}") = "BSTree03", "BSTree03\BSTree03.vcxproj", "{A2FAC56D-0802-4464-A9FD-4EC7124F2963}"
EndProject
Project("{8BC9CEB8-8B4A-11D0-8D11-00A0C91BC942}") = "BSTree04", "BSTree04\BSTree04.vcxproj", "{2DBA129F-84C8-45F5-AAD7-8735BE881B1F}"
EndProject
Project("{8BC9CEB8-8B4A-11D0-8D11-00A0C91BC942}") = "BSTree05", "BSTree05\BSTree05.vcxproj", "{1398237C-B9BC-472E-B03D-00898ACF3E5D}"
EndProject
Project("{8BC9CEB8-8B4A-11D0-8D11-00A0C91BC942}") = "BSTree06", "BSTree06\BSTree06.vcxproj", "{91F6E5D0-A24F-4D80-B7FD-813F61B88A9C}"
EndProject
Project("{8BC9CEB8-8B4A-11D0-8D11-00A0C91BC942}") = "BSTree07", "BSTree07\BSTree07.vcxproj", "{76021545-7DF0-4ADD-AAD9-A690167047C7}"
EndProject
Project("{8BC9CEB8-8B4A-11D0-8D11-00A0C91BC942}") = "BSTree08", "BSTree08\BSTree08.vcxproj", "{32258A66-F593-4568-9566-9ABFA145C4A9}"
EndProject
Project("{8BC9CEB8-8B4A-11D0-8D11-00A0C91BC942}") = "BSTree09", "BSTree09\BSTree09.vcxproj", "{EA432FED-461F-40DD-B626-9871CDE3508D}"
EndProject
Project("{8BC9CEB8-8B4A-11D0-8D11-00A0C91BC942}") = "BSTree10", "BSTree10\BSTree10.vcxproj", "{DBD5769A-C463-4C2D-8584-F94089095CB1}"
EndProject
Global
	GlobalSection(SolutionConfigurationPlatforms) = preSolution
		Debug|x64 = Debug|x64
		Debug|x86 = Debug|x86
		Release|x64 = Release|x64
		Release|x86 = Release|x86
	EndGlobalSection
	GlobalSection(ProjectConfigurationPlatforms) = postSolution
		{D7815036-4AA8-4B26-A830-450CED48084B}.Debug|x64.ActiveCfg = Debug|x64
		{D7815036-4AA8-4B26-A830-450CED48084B}.Debug|x64.Build.0 = Debug|x64
		{D7815036-4AA8-4B26-A830-450CED48084B}.Debug|x86.ActiveCfg = Debug|Win32
		{D7815036-4AA8-4B26-A830-450CED48084B}.Debug|x86.Build.0 = Debug|Win32
		{D7815036-4AA8-4B26-A830-450CED48084B}.Release|x64.ActiveCfg = Release|x64
		{D7815036-4AA8-4B26-A830-450CED48084B}.Release|x64.Build.0 = Release|x64
		{D7815036-4AA8-4B26-A830-450CED48084B}.Release|x86.ActiveCfg = Release|Win32
		{D7815036-4AA8-4B26-A830-450CED48084B}.Release|x86.Build.0 = Release|Win32
		{8BA677F2-55E2-4FFF-84AB-5C0E88195FE5}.Debug|x64.ActiveCfg = Debug|x64
		{8BA677F2-55E2-4FFF-84AB-5C0E88195FE5}.Debug|x64.Build.0 = Debug|x64
		{8BA677F2-55E2-4FFF-84AB-5C0E88195FE5}.Debug|x86.ActiveCfg = Debug|Win32
		{8BA677F2-55E2-4FFF-84AB-5C0E88195FE5}.Debug|x86.Build.0 = Debug|Win32
		{8BA677F2-55E2-4FFF-84AB-5C0E88195FE5}.Release|x64.ActiveCfg = Release|x64
		{8BA677F2-55E2-4FFF-84AB-5C0E88195FE5}.Release|x64.Build.0 = Release|x64
		{8BA677F2-55E2-4FFF-84AB-5C0E88195FE5}.Release|x86.ActiveCfg = Release|Win32
		{8BA677F2-55E2-4FFF-84AB-5C0E88195FE5}.Release|x86.Build.0 = Release|Win32
		{A2FAC56D-0802-4464-A9FD-4EC7124F2963}.Debug|x64.ActiveCfg = Debug|x64
		{A2FAC56D-0802-4464-A9FD-4EC7124F2963}.Debug|x64.Build.0 = Debug|x64
		{A2FAC56D-0802-4464-A9FD-4EC7124F2963}.Debug|x86.ActiveCfg = Debug|Win32
		{A2FAC56D-0802-4464-A9FD-4EC7124F2963}.Debug|x86.Build.0 = Debug|Win32
		{A2FAC56D-0802-4464-A9FD-4EC7124F2963}.Release|x64.ActiveCfg = Release|x64
		{A2FAC56D-0802-4464-A9FD-4EC7124F2963}.Release|x64.Build.0 = Release|x64
		{A2FAC56D-0802-4464-A9FD-4EC7124F2963}.Release|x86.ActiveCfg = Release|Win32
		{A2FAC56D-0802-4464-A9FD-4EC7124F2963}.Release|x86.Build.0 = Release|Win32
		{2DBA129F-84C8-45F5-AAD7-8735BE881B1F}.Debug|x64.ActiveCfg = Debug|x64
		{2DBA129F-84C8-45F5-AAD7-8735BE881B1F}.Debug|x64.Build.0 = Debug|x64
		{2DBA129F-84C8-45F5-AAD7-8735BE881B1F}.Debug|x86.ActiveCfg = Debug|Win32
		{2DBA129F-84C8-45F5-AAD7-8735BE881B1F}.Debug|x86.Build.0 = Debug|Win32
		{2DBA129F-84C8-45F5-AAD7-8735BE881B1F}.Release|x64.ActiveCfg = Release|x64
		{2DBA129F-84C8-45F5-AAD7-8735BE881B1F}.Release|x64.Build.0 = Release|x64
		{2DBA129F-84C8-45F5-AAD7-8735BE881B1F}.Release|x86.ActiveCfg = Release|Win32
		{2DBA129F-84C8-45F5-AAD7-8735BE881B1F}.Release|x86.Build.0 = Release|Win32
		{1398237C-B9BC-472E-B03D-00898ACF3E5D}.Debug|x64.ActiveCfg = Debug|x64
		{1398237C-B9BC-472E-B03D-00898ACF3E5D}.Debug|x64.Build.0 = Debug|x64
		{1398237C-B9BC-472E-B03D-00898ACF3E5D}.Debug|x86.ActiveCfg = Debug|Win32
		{1398237C-B9BC-472E-B03D-00898ACF3E5D}.Debug|x86.Build.0 = Debug|Win32
		{1398237C-B9BC-472E-B03D-00898ACF3E5D}.Release|x64.ActiveCfg = Release|x64
		{1398237C-B9BC-472E-B03D-00898ACF3E5D}.Release|x64.Build.0 = Release|x64
		{1398237C-B9BC-472E-B03D-00898ACF3E5D}.Release|x86.ActiveCfg = Release|Win32
		{1398237C-B9BC-472E-B03D-00898ACF3E5D}.Release|x86.Build.0 = Release|Win32
		{91F6E5D0-A24F-4D80-B7FD-813F61B88A9C}.Debug|x64.ActiveCfg = Debug|x64
		{91F6E5D0-A24F-4D80-B7FD-813F61B88A9C}.Debug|x64.Build.0 = Debug|x64
		{91F6E5D0-A24F-4D80-B7FD-813F61B88A9C}.Debug|x86.ActiveCfg = Debug|Win32
		{91F6E5D0-A24F-4D80-B7FD-813F61B88A9C}.Debug|x86.Build.0 = Debug|Win32
		{91F6E5D0-A24F-4D80-B7FD-813F61B88A9C}.Release|x64.ActiveCfg = Release|x64
		{91F6E5D0-A24F-4D80-B7FD-813F61B88A9C}.Release|x64.Build.0 = Release|x64
		{91F6E5D0-A24F-4D80-B7FD-813F61B88A9C}.Release|x86.ActiveCfg = Release|Win32
		{91F6E5D0-A24F-4D80-B7FD-813F61B88A9C}.Release|x86.Build.0 = Release|Win32
		{76021545-7DF0-4ADD-AAD9-A690167047C7}.Debug|x64.ActiveCfg = Debug|x64
		{76021545-7DF0-4ADD-AAD9-A690167047C7}.Debug|x64.Build.0 = Debug|x64
		{76021545-7DF0-4ADD-AAD9-A690167047C7}.Debug|x86.ActiveCfg = Debug|Win32
		{76021545-7DF0-4ADD-AAD9-A690167047C7}.Debug|x86.Build.0 = Debug|Win32
		{76021545-7DF0-4ADD-AAD9-A690167047C7}.Release|x64.ActiveCfg = Release|x64
		{76021545-7DF0-4ADD-AAD9-A690167047C7}.Release|x64.Build.0 = Release|x64
		{76021545-7DF0-4ADD-AAD9-A690167047C7}.Release|x86.ActiveCfg = Release|Win32
		{76021545-7DF0-4ADD-AAD9-A690167047C7}.Release|x86.Build.0 = Release|Win32
		{32258A66-F593-4568-9566-9ABFA145C4A9}.Debug|x64.ActiveCfg = Debug|x64
		{32258A66-F593-4568-9566-9ABFA145C4A9}.Debug|x64.Build.0 = Debug|x64
		{32258A66-F593-4568-9566-9ABFA145C4A9}.Debug|x86.ActiveCfg = Debug|Win32
		{32258A66-F593-4568-9566-9ABFA145C4A9}.Debug|x86.Build.0 = Debug|Win32
		{32258A66-F593-4568-9566-9ABFA145C4A9}.Release|x64.ActiveCfg = Release|x64
		{32258A66-F593-4568-9566-9ABFA145C4A9}.Release|x64.Build.0 = Release|x64
		{32258A66-F593-4568-9566-9ABFA145C4A9}.Release|x86.ActiveCfg = Release|Win32
		{32258A66-F593-4568-9566-9ABFA145C4A9}.Release|x86.Build.0 = Release|Win32
		{EA432FED-461F-40DD-B626-9871CDE3508D}.Debug|x64.ActiveCfg = Debug|x64
		{EA432FED-461F-40DD-B626-9871CDE3508D}.Debug|x64.Build.0 = Debug|x64
		{EA432FED-461F-40DD-B626-9871CDE3508D}.Debug|x86.ActiveCfg = Debug|Win32
		{EA432FED-461F-40DD-B626-9871CDE3508D}.Debug|x86.Build.0 = Debug|Win32
		{EA432FED-461F-40DD-B626-9871CDE3508D}.Release|x64.ActiveCfg = Release|x64
		{EA432FED-461F-40DD-B626-9871CDE3508D}.Release|x64.Build.0 = Release|x64
		{EA432FED-461F-40DD-B626-9871CDE3508D}.Release|x86.ActiveCfg = Release|Win32
		{EA432FED-461F-40DD-B626-9871CDE3508D}.Release|x86.Build.0 = Release|Win32
		{DBD5769A-C463-4C2D-8584-F94089095CB1}.Debug|x64.ActiveCfg = Debug|x64
		{DBD5769A-C463-4C2D-8584-F94089095CB1}.Debug|x64.Build.0 = Debug|x64
		{DBD5769A-C463-4C2D-8584-F94089095CB1}.Debug|x86.ActiveCfg = Debug|Win32
		{DBD5769A-C463-4C2D-8584-F94089095CB1}.Debug|x86.Build.0 = Debug|Win32
		{DBD5769A-C463-4C2D-8584-F94089095CB1}.Release|x64.ActiveCfg = Release|x64
		{DBD5769A-C463-4C2D-8584-F94089095CB1}.Release|x64.Build.0 = Release|x64
		{DBD5769A-C463-4C2D-8584-F94089095CB1}.Release|x86.ActiveCfg = Release|Win32
		{DBD5769A-C463-4C2D-8584-F94089095CB1}.Release|x86.Build.0 = Release|Win32
	EndGlobalSection
	GlobalSection(SolutionProperties) = preSolution
		HideSolutionNode = FALSE
	EndGlobalSection
	GlobalSection(ExtensibilityGlobals) = postSolution
		SolutionGuid = {7BD76A83-543A-4985-834C-7E85CD98CC39}
	EndGlobalSection
EndGlobal
