
Microsoft Visual Studio Solution File, Format Version 12.00
# Visual Studio Version 17
VisualStudioVersion = 17.9.34616.47
MinimumVisualStudioVersion = 10.0.40219.1
Project("{8BC9CEB8-8B4A-11D0-8D11-00A0C91BC942}") = "TSort1", "TSort1\TSort1.vcxproj", "{72FD9D62-BE35-41EA-8B67-8DDD3532A02C}"
EndProject
Project("{8BC9CEB8-8B4A-11D0-8D11-00A0C91BC942}") = "TSort2", "TSort2\TSort2.vcxproj", "{CF617105-7DCB-43A5-B29C-CD0E1BDE29EA}"
EndProject
Project("{8BC9CEB8-8B4A-11D0-8D11-00A0C91BC942}") = "TSort3", "TSort3\TSort3.vcxproj", "{C9D1D79F-10E1-4E8B-8F6B-BAB2D4C91FB9}"
EndProject
Project("{8BC9CEB8-8B4A-11D0-8D11-00A0C91BC942}") = "TSort4", "TSort4\TSort4.vcxproj", "{BDB7693F-F9F1-46C9-A175-EBAE1ED2596F}"
EndProject
Project("{8BC9CEB8-8B4A-11D0-8D11-00A0C91BC942}") = "TSort5", "TSort5\TSort5.vcxproj", "{659F57B2-5870-4817-8BF2-B5C5503090EE}"
EndProject
Project("{8BC9CEB8-8B4A-11D0-8D11-00A0C91BC942}") = "TSort6", "TSort6\TSort6.vcxproj", "{4D8220D7-FAC2-469B-8153-02AE7C757FA0}"
EndProject
Project("{8BC9CEB8-8B4A-11D0-8D11-00A0C91BC942}") = "TSort7", "TSort7\TSort7.vcxproj", "{756381E9-53E4-4949-9A56-9DB1DA2B4193}"
EndProject
Project("{8BC9CEB8-8B4A-11D0-8D11-00A0C91BC942}") = "TSort8", "TSort8\TSort8.vcxproj", "{C48CB7A2-F03D-41C4-A01E-384CE6B9690C}"
EndProject
Project("{8BC9CEB8-8B4A-11D0-8D11-00A0C91BC942}") = "TSort9", "TSort9\TSort9.vcxproj", "{691B4819-AF48-433E-A771-F1DBB1832B2F}"
EndProject
Project("{8BC9CEB8-8B4A-11D0-8D11-00A0C91BC942}") = "TSort10", "TSort10\TSort10.vcxproj", "{7D4A1537-5711-4726-92CD-22F2BA298BC6}"
EndProject
Global
	GlobalSection(SolutionConfigurationPlatforms) = preSolution
		Debug|x64 = Debug|x64
		Debug|x86 = Debug|x86
		Release|x64 = Release|x64
		Release|x86 = Release|x86
	EndGlobalSection
	GlobalSection(ProjectConfigurationPlatforms) = postSolution
		{72FD9D62-BE35-41EA-8B67-8DDD3532A02C}.Debug|x64.ActiveCfg = Debug|x64
		{72FD9D62-BE35-41EA-8B67-8DDD3532A02C}.Debug|x64.Build.0 = Debug|x64
		{72FD9D62-BE35-41EA-8B67-8DDD3532A02C}.Debug|x86.ActiveCfg = Debug|Win32
		{72FD9D62-BE35-41EA-8B67-8DDD3532A02C}.Debug|x86.Build.0 = Debug|Win32
		{72FD9D62-BE35-41EA-8B67-8DDD3532A02C}.Release|x64.ActiveCfg = Release|x64
		{72FD9D62-BE35-41EA-8B67-8DDD3532A02C}.Release|x64.Build.0 = Release|x64
		{72FD9D62-BE35-41EA-8B67-8DDD3532A02C}.Release|x86.ActiveCfg = Release|Win32
		{72FD9D62-BE35-41EA-8B67-8DDD3532A02C}.Release|x86.Build.0 = Release|Win32
		{CF617105-7DCB-43A5-B29C-CD0E1BDE29EA}.Debug|x64.ActiveCfg = Debug|x64
		{CF617105-7DCB-43A5-B29C-CD0E1BDE29EA}.Debug|x64.Build.0 = Debug|x64
		{CF617105-7DCB-43A5-B29C-CD0E1BDE29EA}.Debug|x86.ActiveCfg = Debug|Win32
		{CF617105-7DCB-43A5-B29C-CD0E1BDE29EA}.Debug|x86.Build.0 = Debug|Win32
		{CF617105-7DCB-43A5-B29C-CD0E1BDE29EA}.Release|x64.ActiveCfg = Release|x64
		{CF617105-7DCB-43A5-B29C-CD0E1BDE29EA}.Release|x64.Build.0 = Release|x64
		{CF617105-7DCB-43A5-B29C-CD0E1BDE29EA}.Release|x86.ActiveCfg = Release|Win32
		{CF617105-7DCB-43A5-B29C-CD0E1BDE29EA}.Release|x86.Build.0 = Release|Win32
		{C9D1D79F-10E1-4E8B-8F6B-BAB2D4C91FB9}.Debug|x64.ActiveCfg = Debug|x64
		{C9D1D79F-10E1-4E8B-8F6B-BAB2D4C91FB9}.Debug|x64.Build.0 = Debug|x64
		{C9D1D79F-10E1-4E8B-8F6B-BAB2D4C91FB9}.Debug|x86.ActiveCfg = Debug|Win32
		{C9D1D79F-10E1-4E8B-8F6B-BAB2D4C91FB9}.Debug|x86.Build.0 = Debug|Win32
		{C9D1D79F-10E1-4E8B-8F6B-BAB2D4C91FB9}.Release|x64.ActiveCfg = Release|x64
		{C9D1D79F-10E1-4E8B-8F6B-BAB2D4C91FB9}.Release|x64.Build.0 = Release|x64
		{C9D1D79F-10E1-4E8B-8F6B-BAB2D4C91FB9}.Release|x86.ActiveCfg = Release|Win32
		{C9D1D79F-10E1-4E8B-8F6B-BAB2D4C91FB9}.Release|x86.Build.0 = Release|Win32
		{BDB7693F-F9F1-46C9-A175-EBAE1ED2596F}.Debug|x64.ActiveCfg = Debug|x64
		{BDB7693F-F9F1-46C9-A175-EBAE1ED2596F}.Debug|x64.Build.0 = Debug|x64
		{BDB7693F-F9F1-46C9-A175-EBAE1ED2596F}.Debug|x86.ActiveCfg = Debug|Win32
		{BDB7693F-F9F1-46C9-A175-EBAE1ED2596F}.Debug|x86.Build.0 = Debug|Win32
		{BDB7693F-F9F1-46C9-A175-EBAE1ED2596F}.Release|x64.ActiveCfg = Release|x64
		{BDB7693F-F9F1-46C9-A175-EBAE1ED2596F}.Release|x64.Build.0 = Release|x64
		{BDB7693F-F9F1-46C9-A175-EBAE1ED2596F}.Release|x86.ActiveCfg = Release|Win32
		{BDB7693F-F9F1-46C9-A175-EBAE1ED2596F}.Release|x86.Build.0 = Release|Win32
		{659F57B2-5870-4817-8BF2-B5C5503090EE}.Debug|x64.ActiveCfg = Debug|x64
		{659F57B2-5870-4817-8BF2-B5C5503090EE}.Debug|x64.Build.0 = Debug|x64
		{659F57B2-5870-4817-8BF2-B5C5503090EE}.Debug|x86.ActiveCfg = Debug|Win32
		{659F57B2-5870-4817-8BF2-B5C5503090EE}.Debug|x86.Build.0 = Debug|Win32
		{659F57B2-5870-4817-8BF2-B5C5503090EE}.Release|x64.ActiveCfg = Release|x64
		{659F57B2-5870-4817-8BF2-B5C5503090EE}.Release|x64.Build.0 = Release|x64
		{659F57B2-5870-4817-8BF2-B5C5503090EE}.Release|x86.ActiveCfg = Release|Win32
		{659F57B2-5870-4817-8BF2-B5C5503090EE}.Release|x86.Build.0 = Release|Win32
		{4D8220D7-FAC2-469B-8153-02AE7C757FA0}.Debug|x64.ActiveCfg = Debug|x64
		{4D8220D7-FAC2-469B-8153-02AE7C757FA0}.Debug|x64.Build.0 = Debug|x64
		{4D8220D7-FAC2-469B-8153-02AE7C757FA0}.Debug|x86.ActiveCfg = Debug|Win32
		{4D8220D7-FAC2-469B-8153-02AE7C757FA0}.Debug|x86.Build.0 = Debug|Win32
		{4D8220D7-FAC2-469B-8153-02AE7C757FA0}.Release|x64.ActiveCfg = Release|x64
		{4D8220D7-FAC2-469B-8153-02AE7C757FA0}.Release|x64.Build.0 = Release|x64
		{4D8220D7-FAC2-469B-8153-02AE7C757FA0}.Release|x86.ActiveCfg = Release|Win32
		{4D8220D7-FAC2-469B-8153-02AE7C757FA0}.Release|x86.Build.0 = Release|Win32
		{756381E9-53E4-4949-9A56-9DB1DA2B4193}.Debug|x64.ActiveCfg = Debug|x64
		{756381E9-53E4-4949-9A56-9DB1DA2B4193}.Debug|x64.Build.0 = Debug|x64
		{756381E9-53E4-4949-9A56-9DB1DA2B4193}.Debug|x86.ActiveCfg = Debug|Win32
		{756381E9-53E4-4949-9A56-9DB1DA2B4193}.Debug|x86.Build.0 = Debug|Win32
		{756381E9-53E4-4949-9A56-9DB1DA2B4193}.Release|x64.ActiveCfg = Release|x64
		{756381E9-53E4-4949-9A56-9DB1DA2B4193}.Release|x64.Build.0 = Release|x64
		{756381E9-53E4-4949-9A56-9DB1DA2B4193}.Release|x86.ActiveCfg = Release|Win32
		{756381E9-53E4-4949-9A56-9DB1DA2B4193}.Release|x86.Build.0 = Release|Win32
		{C48CB7A2-F03D-41C4-A01E-384CE6B9690C}.Debug|x64.ActiveCfg = Debug|x64
		{C48CB7A2-F03D-41C4-A01E-384CE6B9690C}.Debug|x64.Build.0 = Debug|x64
		{C48CB7A2-F03D-41C4-A01E-384CE6B9690C}.Debug|x86.ActiveCfg = Debug|Win32
		{C48CB7A2-F03D-41C4-A01E-384CE6B9690C}.Debug|x86.Build.0 = Debug|Win32
		{C48CB7A2-F03D-41C4-A01E-384CE6B9690C}.Release|x64.ActiveCfg = Release|x64
		{C48CB7A2-F03D-41C4-A01E-384CE6B9690C}.Release|x64.Build.0 = Release|x64
		{C48CB7A2-F03D-41C4-A01E-384CE6B9690C}.Release|x86.ActiveCfg = Release|Win32
		{C48CB7A2-F03D-41C4-A01E-384CE6B9690C}.Release|x86.Build.0 = Release|Win32
		{691B4819-AF48-433E-A771-F1DBB1832B2F}.Debug|x64.ActiveCfg = Debug|x64
		{691B4819-AF48-433E-A771-F1DBB1832B2F}.Debug|x64.Build.0 = Debug|x64
		{691B4819-AF48-433E-A771-F1DBB1832B2F}.Debug|x86.ActiveCfg = Debug|Win32
		{691B4819-AF48-433E-A771-F1DBB1832B2F}.Debug|x86.Build.0 = Debug|Win32
		{691B4819-AF48-433E-A771-F1DBB1832B2F}.Release|x64.ActiveCfg = Release|x64
		{691B4819-AF48-433E-A771-F1DBB1832B2F}.Release|x64.Build.0 = Release|x64
		{691B4819-AF48-433E-A771-F1DBB1832B2F}.Release|x86.ActiveCfg = Release|Win32
		{691B4819-AF48-433E-A771-F1DBB1832B2F}.Release|x86.Build.0 = Release|Win32
		{7D4A1537-5711-4726-92CD-22F2BA298BC6}.Debug|x64.ActiveCfg = Debug|x64
		{7D4A1537-5711-4726-92CD-22F2BA298BC6}.Debug|x64.Build.0 = Debug|x64
		{7D4A1537-5711-4726-92CD-22F2BA298BC6}.Debug|x86.ActiveCfg = Debug|Win32
		{7D4A1537-5711-4726-92CD-22F2BA298BC6}.Debug|x86.Build.0 = Debug|Win32
		{7D4A1537-5711-4726-92CD-22F2BA298BC6}.Release|x64.ActiveCfg = Release|x64
		{7D4A1537-5711-4726-92CD-22F2BA298BC6}.Release|x64.Build.0 = Release|x64
		{7D4A1537-5711-4726-92CD-22F2BA298BC6}.Release|x86.ActiveCfg = Release|Win32
		{7D4A1537-5711-4726-92CD-22F2BA298BC6}.Release|x86.Build.0 = Release|Win32
	EndGlobalSection
	GlobalSection(SolutionProperties) = preSolution
		HideSolutionNode = FALSE
	EndGlobalSection
	GlobalSection(ExtensibilityGlobals) = postSolution
		SolutionGuid = {B58D2236-8A1E-41CF-95AC-40A1BBCD3557}
	EndGlobalSection
EndGlobal
