
Microsoft Visual Studio Solution File, Format Version 12.00
# Visual Studio Version 17
VisualStudioVersion = 17.9.34616.47
MinimumVisualStudioVersion = 10.0.40219.1
Project("{8BC9CEB8-8B4A-11D0-8D11-00A0C91BC942}") = "Sorts01", "Sorts01\Sorts01.vcxproj", "{EB8BD5C2-9E10-465E-98FA-67DF2632675B}"
EndProject
Project("{8BC9CEB8-8B4A-11D0-8D11-00A0C91BC942}") = "Sorts02", "Sorts02\Sorts02.vcxproj", "{50A339DE-CB01-41DF-B9D5-1A52DC2001CE}"
EndProject
Project("{8BC9CEB8-8B4A-11D0-8D11-00A0C91BC942}") = "Sorts03", "Sorts03\Sorts03.vcxproj", "{98B45731-50F8-4B7E-AD90-B0A0640053BC}"
EndProject
Project("{8BC9CEB8-8B4A-11D0-8D11-00A0C91BC942}") = "Sorts04", "Sorts04\Sorts04.vcxproj", "{4C93DCCE-4E4A-445F-A83B-E58277E076CD}"
EndProject
Project("{8BC9CEB8-8B4A-11D0-8D11-00A0C91BC942}") = "Sorts05", "Sorts05\Sorts05.vcxproj", "{E7B709DC-A2D7-4791-A7D5-AE81BE469F58}"
EndProject
Project("{8BC9CEB8-8B4A-11D0-8D11-00A0C91BC942}") = "Sorts06", "Sorts06\Sorts06.vcxproj", "{C9B4B430-D854-4725-B0DA-848C96F5F05B}"
EndProject
Project("{8BC9CEB8-8B4A-11D0-8D11-00A0C91BC942}") = "Sorts07", "Sorts07\Sorts07.vcxproj", "{A5582284-790B-43FB-9F79-B3245BC62708}"
EndProject
Project("{8BC9CEB8-8B4A-11D0-8D11-00A0C91BC942}") = "Sorts08", "Sorts08\Sorts08.vcxproj", "{0437E59D-B1D0-4E1E-87E8-003E295351C6}"
EndProject
Project("{8BC9CEB8-8B4A-11D0-8D11-00A0C91BC942}") = "Sorts09", "Sorts09\Sorts09.vcxproj", "{E335E863-739F-4A87-AAED-5E4AD158BEF6}"
EndProject
Project("{8BC9CEB8-8B4A-11D0-8D11-00A0C91BC942}") = "Sorts10", "Sorts10\Sorts10.vcxproj", "{DF47072F-EEA2-465E-B030-2987C94F97A6}"
EndProject
Project("{8BC9CEB8-8B4A-11D0-8D11-00A0C91BC942}") = "SortSelecOntap", "SortSelecOntap\SortSelecOntap.vcxproj", "{50FD74E2-CDF7-49BE-9734-ACE06D4F71FA}"
EndProject
Project("{8BC9CEB8-8B4A-11D0-8D11-00A0C91BC942}") = "SortInsertOntap", "SortInsertOntap\SortInsertOntap.vcxproj", "{14772B8D-22A3-43F9-9BCB-1CA0D1343FD6}"
EndProject
Project("{8BC9CEB8-8B4A-11D0-8D11-00A0C91BC942}") = "QuickSortOnTap", "QuickSortOnTap\QuickSortOnTap.vcxproj", "{5C5A715A-BAB8-44A3-B657-B330514C24DF}"
EndProject
Project("{8BC9CEB8-8B4A-11D0-8D11-00A0C91BC942}") = "HeapSortOntap", "HeapSortOntap\HeapSortOntap.vcxproj", "{2A0DDDE7-D2B1-484E-B44E-A9BE773556B4}"
EndProject
Global
	GlobalSection(SolutionConfigurationPlatforms) = preSolution
		Debug|x64 = Debug|x64
		Debug|x86 = Debug|x86
		Release|x64 = Release|x64
		Release|x86 = Release|x86
	EndGlobalSection
	GlobalSection(ProjectConfigurationPlatforms) = postSolution
		{EB8BD5C2-9E10-465E-98FA-67DF2632675B}.Debug|x64.ActiveCfg = Debug|x64
		{EB8BD5C2-9E10-465E-98FA-67DF2632675B}.Debug|x64.Build.0 = Debug|x64
		{EB8BD5C2-9E10-465E-98FA-67DF2632675B}.Debug|x86.ActiveCfg = Debug|Win32
		{EB8BD5C2-9E10-465E-98FA-67DF2632675B}.Debug|x86.Build.0 = Debug|Win32
		{EB8BD5C2-9E10-465E-98FA-67DF2632675B}.Release|x64.ActiveCfg = Release|x64
		{EB8BD5C2-9E10-465E-98FA-67DF2632675B}.Release|x64.Build.0 = Release|x64
		{EB8BD5C2-9E10-465E-98FA-67DF2632675B}.Release|x86.ActiveCfg = Release|Win32
		{EB8BD5C2-9E10-465E-98FA-67DF2632675B}.Release|x86.Build.0 = Release|Win32
		{50A339DE-CB01-41DF-B9D5-1A52DC2001CE}.Debug|x64.ActiveCfg = Debug|x64
		{50A339DE-CB01-41DF-B9D5-1A52DC2001CE}.Debug|x64.Build.0 = Debug|x64
		{50A339DE-CB01-41DF-B9D5-1A52DC2001CE}.Debug|x86.ActiveCfg = Debug|Win32
		{50A339DE-CB01-41DF-B9D5-1A52DC2001CE}.Debug|x86.Build.0 = Debug|Win32
		{50A339DE-CB01-41DF-B9D5-1A52DC2001CE}.Release|x64.ActiveCfg = Release|x64
		{50A339DE-CB01-41DF-B9D5-1A52DC2001CE}.Release|x64.Build.0 = Release|x64
		{50A339DE-CB01-41DF-B9D5-1A52DC2001CE}.Release|x86.ActiveCfg = Release|Win32
		{50A339DE-CB01-41DF-B9D5-1A52DC2001CE}.Release|x86.Build.0 = Release|Win32
		{98B45731-50F8-4B7E-AD90-B0A0640053BC}.Debug|x64.ActiveCfg = Debug|x64
		{98B45731-50F8-4B7E-AD90-B0A0640053BC}.Debug|x64.Build.0 = Debug|x64
		{98B45731-50F8-4B7E-AD90-B0A0640053BC}.Debug|x86.ActiveCfg = Debug|Win32
		{98B45731-50F8-4B7E-AD90-B0A0640053BC}.Debug|x86.Build.0 = Debug|Win32
		{98B45731-50F8-4B7E-AD90-B0A0640053BC}.Release|x64.ActiveCfg = Release|x64
		{98B45731-50F8-4B7E-AD90-B0A0640053BC}.Release|x64.Build.0 = Release|x64
		{98B45731-50F8-4B7E-AD90-B0A0640053BC}.Release|x86.ActiveCfg = Release|Win32
		{98B45731-50F8-4B7E-AD90-B0A0640053BC}.Release|x86.Build.0 = Release|Win32
		{4C93DCCE-4E4A-445F-A83B-E58277E076CD}.Debug|x64.ActiveCfg = Debug|x64
		{4C93DCCE-4E4A-445F-A83B-E58277E076CD}.Debug|x64.Build.0 = Debug|x64
		{4C93DCCE-4E4A-445F-A83B-E58277E076CD}.Debug|x86.ActiveCfg = Debug|Win32
		{4C93DCCE-4E4A-445F-A83B-E58277E076CD}.Debug|x86.Build.0 = Debug|Win32
		{4C93DCCE-4E4A-445F-A83B-E58277E076CD}.Release|x64.ActiveCfg = Release|x64
		{4C93DCCE-4E4A-445F-A83B-E58277E076CD}.Release|x64.Build.0 = Release|x64
		{4C93DCCE-4E4A-445F-A83B-E58277E076CD}.Release|x86.ActiveCfg = Release|Win32
		{4C93DCCE-4E4A-445F-A83B-E58277E076CD}.Release|x86.Build.0 = Release|Win32
		{E7B709DC-A2D7-4791-A7D5-AE81BE469F58}.Debug|x64.ActiveCfg = Debug|x64
		{E7B709DC-A2D7-4791-A7D5-AE81BE469F58}.Debug|x64.Build.0 = Debug|x64
		{E7B709DC-A2D7-4791-A7D5-AE81BE469F58}.Debug|x86.ActiveCfg = Debug|Win32
		{E7B709DC-A2D7-4791-A7D5-AE81BE469F58}.Debug|x86.Build.0 = Debug|Win32
		{E7B709DC-A2D7-4791-A7D5-AE81BE469F58}.Release|x64.ActiveCfg = Release|x64
		{E7B709DC-A2D7-4791-A7D5-AE81BE469F58}.Release|x64.Build.0 = Release|x64
		{E7B709DC-A2D7-4791-A7D5-AE81BE469F58}.Release|x86.ActiveCfg = Release|Win32
		{E7B709DC-A2D7-4791-A7D5-AE81BE469F58}.Release|x86.Build.0 = Release|Win32
		{C9B4B430-D854-4725-B0DA-848C96F5F05B}.Debug|x64.ActiveCfg = Debug|x64
		{C9B4B430-D854-4725-B0DA-848C96F5F05B}.Debug|x64.Build.0 = Debug|x64
		{C9B4B430-D854-4725-B0DA-848C96F5F05B}.Debug|x86.ActiveCfg = Debug|Win32
		{C9B4B430-D854-4725-B0DA-848C96F5F05B}.Debug|x86.Build.0 = Debug|Win32
		{C9B4B430-D854-4725-B0DA-848C96F5F05B}.Release|x64.ActiveCfg = Release|x64
		{C9B4B430-D854-4725-B0DA-848C96F5F05B}.Release|x64.Build.0 = Release|x64
		{C9B4B430-D854-4725-B0DA-848C96F5F05B}.Release|x86.ActiveCfg = Release|Win32
		{C9B4B430-D854-4725-B0DA-848C96F5F05B}.Release|x86.Build.0 = Release|Win32
		{A5582284-790B-43FB-9F79-B3245BC62708}.Debug|x64.ActiveCfg = Debug|x64
		{A5582284-790B-43FB-9F79-B3245BC62708}.Debug|x64.Build.0 = Debug|x64
		{A5582284-790B-43FB-9F79-B3245BC62708}.Debug|x86.ActiveCfg = Debug|Win32
		{A5582284-790B-43FB-9F79-B3245BC62708}.Debug|x86.Build.0 = Debug|Win32
		{A5582284-790B-43FB-9F79-B3245BC62708}.Release|x64.ActiveCfg = Release|x64
		{A5582284-790B-43FB-9F79-B3245BC62708}.Release|x64.Build.0 = Release|x64
		{A5582284-790B-43FB-9F79-B3245BC62708}.Release|x86.ActiveCfg = Release|Win32
		{A5582284-790B-43FB-9F79-B3245BC62708}.Release|x86.Build.0 = Release|Win32
		{0437E59D-B1D0-4E1E-87E8-003E295351C6}.Debug|x64.ActiveCfg = Debug|x64
		{0437E59D-B1D0-4E1E-87E8-003E295351C6}.Debug|x64.Build.0 = Debug|x64
		{0437E59D-B1D0-4E1E-87E8-003E295351C6}.Debug|x86.ActiveCfg = Debug|Win32
		{0437E59D-B1D0-4E1E-87E8-003E295351C6}.Debug|x86.Build.0 = Debug|Win32
		{0437E59D-B1D0-4E1E-87E8-003E295351C6}.Release|x64.ActiveCfg = Release|x64
		{0437E59D-B1D0-4E1E-87E8-003E295351C6}.Release|x64.Build.0 = Release|x64
		{0437E59D-B1D0-4E1E-87E8-003E295351C6}.Release|x86.ActiveCfg = Release|Win32
		{0437E59D-B1D0-4E1E-87E8-003E295351C6}.Release|x86.Build.0 = Release|Win32
		{E335E863-739F-4A87-AAED-5E4AD158BEF6}.Debug|x64.ActiveCfg = Debug|x64
		{E335E863-739F-4A87-AAED-5E4AD158BEF6}.Debug|x64.Build.0 = Debug|x64
		{E335E863-739F-4A87-AAED-5E4AD158BEF6}.Debug|x86.ActiveCfg = Debug|Win32
		{E335E863-739F-4A87-AAED-5E4AD158BEF6}.Debug|x86.Build.0 = Debug|Win32
		{E335E863-739F-4A87-AAED-5E4AD158BEF6}.Release|x64.ActiveCfg = Release|x64
		{E335E863-739F-4A87-AAED-5E4AD158BEF6}.Release|x64.Build.0 = Release|x64
		{E335E863-739F-4A87-AAED-5E4AD158BEF6}.Release|x86.ActiveCfg = Release|Win32
		{E335E863-739F-4A87-AAED-5E4AD158BEF6}.Release|x86.Build.0 = Release|Win32
		{DF47072F-EEA2-465E-B030-2987C94F97A6}.Debug|x64.ActiveCfg = Debug|x64
		{DF47072F-EEA2-465E-B030-2987C94F97A6}.Debug|x64.Build.0 = Debug|x64
		{DF47072F-EEA2-465E-B030-2987C94F97A6}.Debug|x86.ActiveCfg = Debug|Win32
		{DF47072F-EEA2-465E-B030-2987C94F97A6}.Debug|x86.Build.0 = Debug|Win32
		{DF47072F-EEA2-465E-B030-2987C94F97A6}.Release|x64.ActiveCfg = Release|x64
		{DF47072F-EEA2-465E-B030-2987C94F97A6}.Release|x64.Build.0 = Release|x64
		{DF47072F-EEA2-465E-B030-2987C94F97A6}.Release|x86.ActiveCfg = Release|Win32
		{DF47072F-EEA2-465E-B030-2987C94F97A6}.Release|x86.Build.0 = Release|Win32
		{50FD74E2-CDF7-49BE-9734-ACE06D4F71FA}.Debug|x64.ActiveCfg = Debug|x64
		{50FD74E2-CDF7-49BE-9734-ACE06D4F71FA}.Debug|x64.Build.0 = Debug|x64
		{50FD74E2-CDF7-49BE-9734-ACE06D4F71FA}.Debug|x86.ActiveCfg = Debug|Win32
		{50FD74E2-CDF7-49BE-9734-ACE06D4F71FA}.Debug|x86.Build.0 = Debug|Win32
		{50FD74E2-CDF7-49BE-9734-ACE06D4F71FA}.Release|x64.ActiveCfg = Release|x64
		{50FD74E2-CDF7-49BE-9734-ACE06D4F71FA}.Release|x64.Build.0 = Release|x64
		{50FD74E2-CDF7-49BE-9734-ACE06D4F71FA}.Release|x86.ActiveCfg = Release|Win32
		{50FD74E2-CDF7-49BE-9734-ACE06D4F71FA}.Release|x86.Build.0 = Release|Win32
		{14772B8D-22A3-43F9-9BCB-1CA0D1343FD6}.Debug|x64.ActiveCfg = Debug|x64
		{14772B8D-22A3-43F9-9BCB-1CA0D1343FD6}.Debug|x64.Build.0 = Debug|x64
		{14772B8D-22A3-43F9-9BCB-1CA0D1343FD6}.Debug|x86.ActiveCfg = Debug|Win32
		{14772B8D-22A3-43F9-9BCB-1CA0D1343FD6}.Debug|x86.Build.0 = Debug|Win32
		{14772B8D-22A3-43F9-9BCB-1CA0D1343FD6}.Release|x64.ActiveCfg = Release|x64
		{14772B8D-22A3-43F9-9BCB-1CA0D1343FD6}.Release|x64.Build.0 = Release|x64
		{14772B8D-22A3-43F9-9BCB-1CA0D1343FD6}.Release|x86.ActiveCfg = Release|Win32
		{14772B8D-22A3-43F9-9BCB-1CA0D1343FD6}.Release|x86.Build.0 = Release|Win32
		{5C5A715A-BAB8-44A3-B657-B330514C24DF}.Debug|x64.ActiveCfg = Debug|x64
		{5C5A715A-BAB8-44A3-B657-B330514C24DF}.Debug|x64.Build.0 = Debug|x64
		{5C5A715A-BAB8-44A3-B657-B330514C24DF}.Debug|x86.ActiveCfg = Debug|Win32
		{5C5A715A-BAB8-44A3-B657-B330514C24DF}.Debug|x86.Build.0 = Debug|Win32
		{5C5A715A-BAB8-44A3-B657-B330514C24DF}.Release|x64.ActiveCfg = Release|x64
		{5C5A715A-BAB8-44A3-B657-B330514C24DF}.Release|x64.Build.0 = Release|x64
		{5C5A715A-BAB8-44A3-B657-B330514C24DF}.Release|x86.ActiveCfg = Release|Win32
		{5C5A715A-BAB8-44A3-B657-B330514C24DF}.Release|x86.Build.0 = Release|Win32
		{2A0DDDE7-D2B1-484E-B44E-A9BE773556B4}.Debug|x64.ActiveCfg = Debug|x64
		{2A0DDDE7-D2B1-484E-B44E-A9BE773556B4}.Debug|x64.Build.0 = Debug|x64
		{2A0DDDE7-D2B1-484E-B44E-A9BE773556B4}.Debug|x86.ActiveCfg = Debug|Win32
		{2A0DDDE7-D2B1-484E-B44E-A9BE773556B4}.Debug|x86.Build.0 = Debug|Win32
		{2A0DDDE7-D2B1-484E-B44E-A9BE773556B4}.Release|x64.ActiveCfg = Release|x64
		{2A0DDDE7-D2B1-484E-B44E-A9BE773556B4}.Release|x64.Build.0 = Release|x64
		{2A0DDDE7-D2B1-484E-B44E-A9BE773556B4}.Release|x86.ActiveCfg = Release|Win32
		{2A0DDDE7-D2B1-484E-B44E-A9BE773556B4}.Release|x86.Build.0 = Release|Win32
	EndGlobalSection
	GlobalSection(SolutionProperties) = preSolution
		HideSolutionNode = FALSE
	EndGlobalSection
	GlobalSection(ExtensibilityGlobals) = postSolution
		SolutionGuid = {82A46FFD-2240-47D5-BF4B-5CE9F4EC9383}
	EndGlobalSection
EndGlobal
