
Microsoft Visual Studio Solution File, Format Version 12.00
# Visual Studio Version 17
VisualStudioVersion = 17.9.34616.47
MinimumVisualStudioVersion = 10.0.40219.1
Project("{8BC9CEB8-8B4A-11D0-8D11-00A0C91BC942}") = "Tree01", "Tree01\Tree01.vcxproj", "{75622A19-B981-4B42-8736-A096B0A68B63}"
EndProject
Project("{8BC9CEB8-8B4A-11D0-8D11-00A0C91BC942}") = "SourceTree", "SourceTree\SourceTree.vcxproj", "{07EEDDF7-38DF-4947-82D3-8E8441D96A91}"
EndProject
Project("{8BC9CEB8-8B4A-11D0-8D11-00A0C91BC942}") = "Tree02", "Project1\Project1.vcxproj", "{F047BBD0-7CBE-47A3-A989-2C44EBBF7D9C}"
EndProject
Project("{8BC9CEB8-8B4A-11D0-8D11-00A0C91BC942}") = "Tree03", "Tree03\Tree03.vcxproj", "{2875915A-9C59-4654-8F5D-3C52E7FA494A}"
EndProject
Project("{8BC9CEB8-8B4A-11D0-8D11-00A0C91BC942}") = "Tree04", "Tree04\Tree04.vcxproj", "{EFA76D68-2ADC-435B-8295-BE2247D1BD09}"
EndProject
Project("{8BC9CEB8-8B4A-11D0-8D11-00A0C91BC942}") = "Tree05", "Tree05\Tree05.vcxproj", "{9599D826-3B17-4DE5-AC3B-0F5AB2FCE4D5}"
EndProject
Project("{8BC9CEB8-8B4A-11D0-8D11-00A0C91BC942}") = "Tree06", "Tree06\Tree06.vcxproj", "{E1008330-D19A-4423-9319-08B6AF320C98}"
EndProject
Project("{8BC9CEB8-8B4A-11D0-8D11-00A0C91BC942}") = "Tree07", "Tree07\Tree07.vcxproj", "{3D0F7FAE-CC57-4A98-910F-30665FF5F959}"
EndProject
Project("{8BC9CEB8-8B4A-11D0-8D11-00A0C91BC942}") = "Tree08", "Tree08\Tree08.vcxproj", "{BAF4E10A-379E-476F-9EB5-84FD5863AD15}"
EndProject
Project("{8BC9CEB8-8B4A-11D0-8D11-00A0C91BC942}") = "Tree09", "Tree09\Tree09.vcxproj", "{6BE0F292-339F-40A9-8EE6-B7262F277EBC}"
EndProject
Project("{8BC9CEB8-8B4A-11D0-8D11-00A0C91BC942}") = "Tree10", "Tree10\Tree10.vcxproj", "{0747AD62-1301-4A93-8FF9-B12A259DCB71}"
EndProject
Global
	GlobalSection(SolutionConfigurationPlatforms) = preSolution
		Debug|x64 = Debug|x64
		Debug|x86 = Debug|x86
		Release|x64 = Release|x64
		Release|x86 = Release|x86
	EndGlobalSection
	GlobalSection(ProjectConfigurationPlatforms) = postSolution
		{75622A19-B981-4B42-8736-A096B0A68B63}.Debug|x64.ActiveCfg = Debug|x64
		{75622A19-B981-4B42-8736-A096B0A68B63}.Debug|x64.Build.0 = Debug|x64
		{75622A19-B981-4B42-8736-A096B0A68B63}.Debug|x86.ActiveCfg = Debug|Win32
		{75622A19-B981-4B42-8736-A096B0A68B63}.Debug|x86.Build.0 = Debug|Win32
		{75622A19-B981-4B42-8736-A096B0A68B63}.Release|x64.ActiveCfg = Release|x64
		{75622A19-B981-4B42-8736-A096B0A68B63}.Release|x64.Build.0 = Release|x64
		{75622A19-B981-4B42-8736-A096B0A68B63}.Release|x86.ActiveCfg = Release|Win32
		{75622A19-B981-4B42-8736-A096B0A68B63}.Release|x86.Build.0 = Release|Win32
		{07EEDDF7-38DF-4947-82D3-8E8441D96A91}.Debug|x64.ActiveCfg = Debug|x64
		{07EEDDF7-38DF-4947-82D3-8E8441D96A91}.Debug|x64.Build.0 = Debug|x64
		{07EEDDF7-38DF-4947-82D3-8E8441D96A91}.Debug|x86.ActiveCfg = Debug|Win32
		{07EEDDF7-38DF-4947-82D3-8E8441D96A91}.Debug|x86.Build.0 = Debug|Win32
		{07EEDDF7-38DF-4947-82D3-8E8441D96A91}.Release|x64.ActiveCfg = Release|x64
		{07EEDDF7-38DF-4947-82D3-8E8441D96A91}.Release|x64.Build.0 = Release|x64
		{07EEDDF7-38DF-4947-82D3-8E8441D96A91}.Release|x86.ActiveCfg = Release|Win32
		{07EEDDF7-38DF-4947-82D3-8E8441D96A91}.Release|x86.Build.0 = Release|Win32
		{F047BBD0-7CBE-47A3-A989-2C44EBBF7D9C}.Debug|x64.ActiveCfg = Debug|x64
		{F047BBD0-7CBE-47A3-A989-2C44EBBF7D9C}.Debug|x64.Build.0 = Debug|x64
		{F047BBD0-7CBE-47A3-A989-2C44EBBF7D9C}.Debug|x86.ActiveCfg = Debug|Win32
		{F047BBD0-7CBE-47A3-A989-2C44EBBF7D9C}.Debug|x86.Build.0 = Debug|Win32
		{F047BBD0-7CBE-47A3-A989-2C44EBBF7D9C}.Release|x64.ActiveCfg = Release|x64
		{F047BBD0-7CBE-47A3-A989-2C44EBBF7D9C}.Release|x64.Build.0 = Release|x64
		{F047BBD0-7CBE-47A3-A989-2C44EBBF7D9C}.Release|x86.ActiveCfg = Release|Win32
		{F047BBD0-7CBE-47A3-A989-2C44EBBF7D9C}.Release|x86.Build.0 = Release|Win32
		{2875915A-9C59-4654-8F5D-3C52E7FA494A}.Debug|x64.ActiveCfg = Debug|x64
		{2875915A-9C59-4654-8F5D-3C52E7FA494A}.Debug|x64.Build.0 = Debug|x64
		{2875915A-9C59-4654-8F5D-3C52E7FA494A}.Debug|x86.ActiveCfg = Debug|Win32
		{2875915A-9C59-4654-8F5D-3C52E7FA494A}.Debug|x86.Build.0 = Debug|Win32
		{2875915A-9C59-4654-8F5D-3C52E7FA494A}.Release|x64.ActiveCfg = Release|x64
		{2875915A-9C59-4654-8F5D-3C52E7FA494A}.Release|x64.Build.0 = Release|x64
		{2875915A-9C59-4654-8F5D-3C52E7FA494A}.Release|x86.ActiveCfg = Release|Win32
		{2875915A-9C59-4654-8F5D-3C52E7FA494A}.Release|x86.Build.0 = Release|Win32
		{EFA76D68-2ADC-435B-8295-BE2247D1BD09}.Debug|x64.ActiveCfg = Debug|x64
		{EFA76D68-2ADC-435B-8295-BE2247D1BD09}.Debug|x64.Build.0 = Debug|x64
		{EFA76D68-2ADC-435B-8295-BE2247D1BD09}.Debug|x86.ActiveCfg = Debug|Win32
		{EFA76D68-2ADC-435B-8295-BE2247D1BD09}.Debug|x86.Build.0 = Debug|Win32
		{EFA76D68-2ADC-435B-8295-BE2247D1BD09}.Release|x64.ActiveCfg = Release|x64
		{EFA76D68-2ADC-435B-8295-BE2247D1BD09}.Release|x64.Build.0 = Release|x64
		{EFA76D68-2ADC-435B-8295-BE2247D1BD09}.Release|x86.ActiveCfg = Release|Win32
		{EFA76D68-2ADC-435B-8295-BE2247D1BD09}.Release|x86.Build.0 = Release|Win32
		{9599D826-3B17-4DE5-AC3B-0F5AB2FCE4D5}.Debug|x64.ActiveCfg = Debug|x64
		{9599D826-3B17-4DE5-AC3B-0F5AB2FCE4D5}.Debug|x64.Build.0 = Debug|x64
		{9599D826-3B17-4DE5-AC3B-0F5AB2FCE4D5}.Debug|x86.ActiveCfg = Debug|Win32
		{9599D826-3B17-4DE5-AC3B-0F5AB2FCE4D5}.Debug|x86.Build.0 = Debug|Win32
		{9599D826-3B17-4DE5-AC3B-0F5AB2FCE4D5}.Release|x64.ActiveCfg = Release|x64
		{9599D826-3B17-4DE5-AC3B-0F5AB2FCE4D5}.Release|x64.Build.0 = Release|x64
		{9599D826-3B17-4DE5-AC3B-0F5AB2FCE4D5}.Release|x86.ActiveCfg = Release|Win32
		{9599D826-3B17-4DE5-AC3B-0F5AB2FCE4D5}.Release|x86.Build.0 = Release|Win32
		{E1008330-D19A-4423-9319-08B6AF320C98}.Debug|x64.ActiveCfg = Debug|x64
		{E1008330-D19A-4423-9319-08B6AF320C98}.Debug|x64.Build.0 = Debug|x64
		{E1008330-D19A-4423-9319-08B6AF320C98}.Debug|x86.ActiveCfg = Debug|Win32
		{E1008330-D19A-4423-9319-08B6AF320C98}.Debug|x86.Build.0 = Debug|Win32
		{E1008330-D19A-4423-9319-08B6AF320C98}.Release|x64.ActiveCfg = Release|x64
		{E1008330-D19A-4423-9319-08B6AF320C98}.Release|x64.Build.0 = Release|x64
		{E1008330-D19A-4423-9319-08B6AF320C98}.Release|x86.ActiveCfg = Release|Win32
		{E1008330-D19A-4423-9319-08B6AF320C98}.Release|x86.Build.0 = Release|Win32
		{3D0F7FAE-CC57-4A98-910F-30665FF5F959}.Debug|x64.ActiveCfg = Debug|x64
		{3D0F7FAE-CC57-4A98-910F-30665FF5F959}.Debug|x64.Build.0 = Debug|x64
		{3D0F7FAE-CC57-4A98-910F-30665FF5F959}.Debug|x86.ActiveCfg = Debug|Win32
		{3D0F7FAE-CC57-4A98-910F-30665FF5F959}.Debug|x86.Build.0 = Debug|Win32
		{3D0F7FAE-CC57-4A98-910F-30665FF5F959}.Release|x64.ActiveCfg = Release|x64
		{3D0F7FAE-CC57-4A98-910F-30665FF5F959}.Release|x64.Build.0 = Release|x64
		{3D0F7FAE-CC57-4A98-910F-30665FF5F959}.Release|x86.ActiveCfg = Release|Win32
		{3D0F7FAE-CC57-4A98-910F-30665FF5F959}.Release|x86.Build.0 = Release|Win32
		{BAF4E10A-379E-476F-9EB5-84FD5863AD15}.Debug|x64.ActiveCfg = Debug|x64
		{BAF4E10A-379E-476F-9EB5-84FD5863AD15}.Debug|x64.Build.0 = Debug|x64
		{BAF4E10A-379E-476F-9EB5-84FD5863AD15}.Debug|x86.ActiveCfg = Debug|Win32
		{BAF4E10A-379E-476F-9EB5-84FD5863AD15}.Debug|x86.Build.0 = Debug|Win32
		{BAF4E10A-379E-476F-9EB5-84FD5863AD15}.Release|x64.ActiveCfg = Release|x64
		{BAF4E10A-379E-476F-9EB5-84FD5863AD15}.Release|x64.Build.0 = Release|x64
		{BAF4E10A-379E-476F-9EB5-84FD5863AD15}.Release|x86.ActiveCfg = Release|Win32
		{BAF4E10A-379E-476F-9EB5-84FD5863AD15}.Release|x86.Build.0 = Release|Win32
		{6BE0F292-339F-40A9-8EE6-B7262F277EBC}.Debug|x64.ActiveCfg = Debug|x64
		{6BE0F292-339F-40A9-8EE6-B7262F277EBC}.Debug|x64.Build.0 = Debug|x64
		{6BE0F292-339F-40A9-8EE6-B7262F277EBC}.Debug|x86.ActiveCfg = Debug|Win32
		{6BE0F292-339F-40A9-8EE6-B7262F277EBC}.Debug|x86.Build.0 = Debug|Win32
		{6BE0F292-339F-40A9-8EE6-B7262F277EBC}.Release|x64.ActiveCfg = Release|x64
		{6BE0F292-339F-40A9-8EE6-B7262F277EBC}.Release|x64.Build.0 = Release|x64
		{6BE0F292-339F-40A9-8EE6-B7262F277EBC}.Release|x86.ActiveCfg = Release|Win32
		{6BE0F292-339F-40A9-8EE6-B7262F277EBC}.Release|x86.Build.0 = Release|Win32
		{0747AD62-1301-4A93-8FF9-B12A259DCB71}.Debug|x64.ActiveCfg = Debug|x64
		{0747AD62-1301-4A93-8FF9-B12A259DCB71}.Debug|x64.Build.0 = Debug|x64
		{0747AD62-1301-4A93-8FF9-B12A259DCB71}.Debug|x86.ActiveCfg = Debug|Win32
		{0747AD62-1301-4A93-8FF9-B12A259DCB71}.Debug|x86.Build.0 = Debug|Win32
		{0747AD62-1301-4A93-8FF9-B12A259DCB71}.Release|x64.ActiveCfg = Release|x64
		{0747AD62-1301-4A93-8FF9-B12A259DCB71}.Release|x64.Build.0 = Release|x64
		{0747AD62-1301-4A93-8FF9-B12A259DCB71}.Release|x86.ActiveCfg = Release|Win32
		{0747AD62-1301-4A93-8FF9-B12A259DCB71}.Release|x86.Build.0 = Release|Win32
	EndGlobalSection
	GlobalSection(SolutionProperties) = preSolution
		HideSolutionNode = FALSE
	EndGlobalSection
	GlobalSection(ExtensibilityGlobals) = postSolution
		SolutionGuid = {0D3898C2-B459-494C-99A7-29A89B773C1E}
	EndGlobalSection
EndGlobal
